// !$*UTF8*$!
{
	archiveVersion = 1;
	classes = {
	};
	objectVersion = 56;
	objects = {

/* Begin PBXBuildFile section */
		D11666A12BAE2BE5005A4DB2 /* CodableFeedStore.swift in Sources */ = {isa = PBXBuildFile; fileRef = D11666A02BAE2BE5005A4DB2 /* CodableFeedStore.swift */; };
		D13985742B8D4CD000B4691D /* CacheFeedUseCaseTests.swift in Sources */ = {isa = PBXBuildFile; fileRef = D13985732B8D4CD000B4691D /* CacheFeedUseCaseTests.swift */; };
		D15923052BCA0589004B164F /* FeedStoreSpecs.swift in Sources */ = {isa = PBXBuildFile; fileRef = D15923042BCA0589004B164F /* FeedStoreSpecs.swift */; };
		D15923072BCA0616004B164F /* XCTestCase+FeedStoreSpecs.swift in Sources */ = {isa = PBXBuildFile; fileRef = D15923062BCA0616004B164F /* XCTestCase+FeedStoreSpecs.swift */; };
		D15923092BCA0BEF004B164F /* XCTestCase+FailableRetrieveFeedStoreSpecs.swift in Sources */ = {isa = PBXBuildFile; fileRef = D15923082BCA0BEF004B164F /* XCTestCase+FailableRetrieveFeedStoreSpecs.swift */; };
		D159230B2BCA0C7F004B164F /* XCTestCase+FailableDeleteFeedStoreSpecs.swift in Sources */ = {isa = PBXBuildFile; fileRef = D159230A2BCA0C7F004B164F /* XCTestCase+FailableDeleteFeedStoreSpecs.swift */; };
		D159230D2BCA0C91004B164F /* XCTestCase+FailableInsertFeedStoreSpecs.swift in Sources */ = {isa = PBXBuildFile; fileRef = D159230C2BCA0C91004B164F /* XCTestCase+FailableInsertFeedStoreSpecs.swift */; };
		D15923162BCA0FE4004B164F /* ManagedFeedImage.swift in Sources */ = {isa = PBXBuildFile; fileRef = D159230F2BCA0FE4004B164F /* ManagedFeedImage.swift */; };
		D15923172BCA0FE4004B164F /* CoreDataHelpers.swift in Sources */ = {isa = PBXBuildFile; fileRef = D15923112BCA0FE4004B164F /* CoreDataHelpers.swift */; };
		D15923182BCA0FE4004B164F /* FeedStore.xcdatamodeld in Sources */ = {isa = PBXBuildFile; fileRef = D15923122BCA0FE4004B164F /* FeedStore.xcdatamodeld */; };
		D15923192BCA0FE4004B164F /* CoreDataFeedStore.swift in Sources */ = {isa = PBXBuildFile; fileRef = D15923142BCA0FE4004B164F /* CoreDataFeedStore.swift */; };
		D159231A2BCA0FE4004B164F /* ManagedFeed.swift in Sources */ = {isa = PBXBuildFile; fileRef = D15923152BCA0FE4004B164F /* ManagedFeed.swift */; };
		D15923202BCA100E004B164F /* NSManagedObjectContext+Stub.swift in Sources */ = {isa = PBXBuildFile; fileRef = D159231C2BCA100E004B164F /* NSManagedObjectContext+Stub.swift */; };
		D15923212BCA100E004B164F /* NSManagedObjectContext+Helpers.swift in Sources */ = {isa = PBXBuildFile; fileRef = D159231D2BCA100E004B164F /* NSManagedObjectContext+Helpers.swift */; };
		D15923222BCA100E004B164F /* NSEntityDescription+Assertions.swift in Sources */ = {isa = PBXBuildFile; fileRef = D159231E2BCA100E004B164F /* NSEntityDescription+Assertions.swift */; };
		D15923242BCA1032004B164F /* CoreDataFeedStoreTests.swift in Sources */ = {isa = PBXBuildFile; fileRef = D15923232BCA1032004B164F /* CoreDataFeedStoreTests.swift */; };
		D159232C2BCA16E3004B164F /* EssensialFeedCacheIntegrationTests.swift in Sources */ = {isa = PBXBuildFile; fileRef = D159232B2BCA16E3004B164F /* EssensialFeedCacheIntegrationTests.swift */; };
		D159232D2BCA16E3004B164F /* EssensialFeed.framework in Frameworks */ = {isa = PBXBuildFile; fileRef = D1957AD72B855D500020F72A /* EssensialFeed.framework */; };
		D15923332BCF1EA1004B164F /* XCTestCase+MemoryLeakTracking.swift in Sources */ = {isa = PBXBuildFile; fileRef = D1957B022B86FA190020F72A /* XCTestCase+MemoryLeakTracking.swift */; };
		D15923342BCF1FED004B164F /* FeedCache+Helpers.swift in Sources */ = {isa = PBXBuildFile; fileRef = D1E595B12B902FF8008D9A7B /* FeedCache+Helpers.swift */; };
		D15923352BCF2082004B164F /* SharedTestHelpers.swift in Sources */ = {isa = PBXBuildFile; fileRef = D1E595AB2B8EED76008D9A7B /* SharedTestHelpers.swift */; };
		D15CFCD82BD9EACD00C2953B /* FeedUIIntegrationTests.swift in Sources */ = {isa = PBXBuildFile; fileRef = D15CFCD62BD9EACD00C2953B /* FeedUIIntegrationTests.swift */; };
		D15CFCDA2BD9ED6D00C2953B /* EssensialFeed.framework in Frameworks */ = {isa = PBXBuildFile; fileRef = D1957AD72B855D500020F72A /* EssensialFeed.framework */; };
		D15CFCDB2BD9ED6D00C2953B /* EssensialFeed.framework in Embed Frameworks */ = {isa = PBXBuildFile; fileRef = D1957AD72B855D500020F72A /* EssensialFeed.framework */; settings = {ATTRIBUTES = (CodeSignOnCopy, RemoveHeadersOnCopy, ); }; };
		D15CFCDF2BD9EE0E00C2953B /* XCTestCase+MemoryLeakTracking.swift in Sources */ = {isa = PBXBuildFile; fileRef = D1957B022B86FA190020F72A /* XCTestCase+MemoryLeakTracking.swift */; };
		D15CFCE22BD9F37000C2953B /* FeedViewController+TestHelpers.swift in Sources */ = {isa = PBXBuildFile; fileRef = D15CFCE12BD9F37000C2953B /* FeedViewController+TestHelpers.swift */; };
		D15CFCE42BD9F3C100C2953B /* UIRefreshControl+TestHelpers.swift in Sources */ = {isa = PBXBuildFile; fileRef = D15CFCE32BD9F3C100C2953B /* UIRefreshControl+TestHelpers.swift */; };
		D15CFCE62BD9F9B700C2953B /* FeedViewController.swift in Sources */ = {isa = PBXBuildFile; fileRef = D15CFCE52BD9F9B700C2953B /* FeedViewController.swift */; };
		D1957AE02B855D500020F72A /* EssensialFeed.framework in Frameworks */ = {isa = PBXBuildFile; fileRef = D1957AD72B855D500020F72A /* EssensialFeed.framework */; };
		D1957AF02B855E840020F72A /* FeedImage.swift in Sources */ = {isa = PBXBuildFile; fileRef = D1957AEF2B855E840020F72A /* FeedImage.swift */; };
		D1957AF22B855F570020F72A /* FeedLoader.swift in Sources */ = {isa = PBXBuildFile; fileRef = D1957AF12B855F570020F72A /* FeedLoader.swift */; };
		D1957AF52B8560780020F72A /* LoadFeedFromRemoteUseCaseTests.swift in Sources */ = {isa = PBXBuildFile; fileRef = D1957AF42B8560780020F72A /* LoadFeedFromRemoteUseCaseTests.swift */; };
		D1957AF82B8596400020F72A /* RemoteFeedLoader.swift in Sources */ = {isa = PBXBuildFile; fileRef = D1957AF72B8596400020F72A /* RemoteFeedLoader.swift */; };
		D1957AFA2B85BBB10020F72A /* HTTPClient.swift in Sources */ = {isa = PBXBuildFile; fileRef = D1957AF92B85BBB10020F72A /* HTTPClient.swift */; };
		D1957AFC2B85BBCB0020F72A /* FeedItemMapper.swift in Sources */ = {isa = PBXBuildFile; fileRef = D1957AFB2B85BBCB0020F72A /* FeedItemMapper.swift */; };
		D1957AFF2B86A4C70020F72A /* URLSessionHTTPClient.swift in Sources */ = {isa = PBXBuildFile; fileRef = D1957AFE2B86A4C70020F72A /* URLSessionHTTPClient.swift */; };
		D1957B012B86A50F0020F72A /* URLSessionHTTPClientTests.swift in Sources */ = {isa = PBXBuildFile; fileRef = D1957B002B86A50F0020F72A /* URLSessionHTTPClientTests.swift */; };
		D1957B032B86FA190020F72A /* XCTestCase+MemoryLeakTracking.swift in Sources */ = {isa = PBXBuildFile; fileRef = D1957B022B86FA190020F72A /* XCTestCase+MemoryLeakTracking.swift */; };
		D1957B102B87E8D40020F72A /* EssensialFeedAPIEndToEndTests.swift in Sources */ = {isa = PBXBuildFile; fileRef = D1957B0F2B87E8D40020F72A /* EssensialFeedAPIEndToEndTests.swift */; };
		D1957B112B87E8D40020F72A /* EssensialFeed.framework in Frameworks */ = {isa = PBXBuildFile; fileRef = D1957AD72B855D500020F72A /* EssensialFeed.framework */; };
		D1957B172B87EDD00020F72A /* XCTestCase+MemoryLeakTracking.swift in Sources */ = {isa = PBXBuildFile; fileRef = D1957B022B86FA190020F72A /* XCTestCase+MemoryLeakTracking.swift */; };
		D1B4D2332BDCB3160018F7DE /* SharedTestHelpers.swift in Sources */ = {isa = PBXBuildFile; fileRef = D1E595AB2B8EED76008D9A7B /* SharedTestHelpers.swift */; };
		D1B4D2352BDCB49A0018F7DE /* FeedImageCell.swift in Sources */ = {isa = PBXBuildFile; fileRef = D1B4D2342BDCB49A0018F7DE /* FeedImageCell.swift */; };
		D1B4D2372BDCB51B0018F7DE /* FeedImageCell+TestHelpers.swift in Sources */ = {isa = PBXBuildFile; fileRef = D1B4D2362BDCB51B0018F7DE /* FeedImageCell+TestHelpers.swift */; };
		D1B4D2392BE074A90018F7DE /* UIView+Shimmering.swift in Sources */ = {isa = PBXBuildFile; fileRef = D1B4D2382BE074A90018F7DE /* UIView+Shimmering.swift */; };
		D1B4D23B2BE17ACD0018F7DE /* UIButton+TestHelpers.swift in Sources */ = {isa = PBXBuildFile; fileRef = D1B4D23A2BE17ACD0018F7DE /* UIButton+TestHelpers.swift */; };
		D1B4D2412BE17FE40018F7DE /* FeedImageDataLoader.swift in Sources */ = {isa = PBXBuildFile; fileRef = D1B4D2402BE17FE40018F7DE /* FeedImageDataLoader.swift */; };
		D1B4D2452BE189010018F7DE /* FeedImageCellController.swift in Sources */ = {isa = PBXBuildFile; fileRef = D1B4D2442BE189010018F7DE /* FeedImageCellController.swift */; };
		D1B4D2482BE18C300018F7DE /* FeedUIComposer.swift in Sources */ = {isa = PBXBuildFile; fileRef = D1B4D2472BE18C300018F7DE /* FeedUIComposer.swift */; };
		D1B4D2502BE5963F0018F7DE /* FeedPresentation.swift in Sources */ = {isa = PBXBuildFile; fileRef = D1B4D24F2BE5963F0018F7DE /* FeedPresentation.swift */; };
		D1B4D2542BE5A1D10018F7DE /* FeedImageViewModel.swift in Sources */ = {isa = PBXBuildFile; fileRef = D1B4D2532BE5A1D10018F7DE /* FeedImageViewModel.swift */; };
		D1B4D2562BE5A1ED0018F7DE /* FeedViewModel.swift in Sources */ = {isa = PBXBuildFile; fileRef = D1B4D2552BE5A1ED0018F7DE /* FeedViewModel.swift */; };
		D1B4D2582BE5A20A0018F7DE /* FeedLoadingViewModel.swift in Sources */ = {isa = PBXBuildFile; fileRef = D1B4D2572BE5A20A0018F7DE /* FeedLoadingViewModel.swift */; };
		D1B4D25A2BE5A2A80018F7DE /* FeedImagePresenter.swift in Sources */ = {isa = PBXBuildFile; fileRef = D1B4D2592BE5A2A80018F7DE /* FeedImagePresenter.swift */; };
		D1B4D25D2BE6EC440018F7DE /* Feed.storyboard in Resources */ = {isa = PBXBuildFile; fileRef = D1B4D25B2BE6EC440018F7DE /* Feed.storyboard */; };
		D1B4D25E2BE6EC440018F7DE /* Feed.xcassets in Resources */ = {isa = PBXBuildFile; fileRef = D1B4D25C2BE6EC440018F7DE /* Feed.xcassets */; };
		D1B4D2602BE973540018F7DE /* UITableView+Dequeueing.swift in Sources */ = {isa = PBXBuildFile; fileRef = D1B4D25F2BE973540018F7DE /* UITableView+Dequeueing.swift */; };
		D1B4D2622BE974500018F7DE /* UIImageView+Animated.swift in Sources */ = {isa = PBXBuildFile; fileRef = D1B4D2612BE974500018F7DE /* UIImageView+Animated.swift */; };
		D1B4D2642BE977B80018F7DE /* Feed.xcstrings in Resources */ = {isa = PBXBuildFile; fileRef = D1B4D2632BE977B80018F7DE /* Feed.xcstrings */; };
		D1B4D2662BE979930018F7DE /* FeedUIIntegrationTests+Localization.swift in Sources */ = {isa = PBXBuildFile; fileRef = D1B4D2652BE979930018F7DE /* FeedUIIntegrationTests+Localization.swift */; };
		D1B4D26A2BE97CBE0018F7DE /* FeedLocalizationTests.swift in Sources */ = {isa = PBXBuildFile; fileRef = D1B4D2692BE97CBE0018F7DE /* FeedLocalizationTests.swift */; };
		D1D153322BEED1FA00384E33 /* MainQueueDispatchDecorator.swift in Sources */ = {isa = PBXBuildFile; fileRef = D1D153312BEED1FA00384E33 /* MainQueueDispatchDecorator.swift */; };
		D1D153342BEED26700384E33 /* WeakRefVirtualProxy.swift in Sources */ = {isa = PBXBuildFile; fileRef = D1D153332BEED26700384E33 /* WeakRefVirtualProxy.swift */; };
		D1D153362BEED29F00384E33 /* FeedViewAdapter.swift in Sources */ = {isa = PBXBuildFile; fileRef = D1D153352BEED29F00384E33 /* FeedViewAdapter.swift */; };
		D1D153382BEED2C400384E33 /* FeedLoaderPresentationAdapter.swift in Sources */ = {isa = PBXBuildFile; fileRef = D1D153372BEED2C400384E33 /* FeedLoaderPresentationAdapter.swift */; };
		D1D1533A2BEED2E200384E33 /* FeedImageDataLoaderPresentationAdapter.swift in Sources */ = {isa = PBXBuildFile; fileRef = D1D153392BEED2E200384E33 /* FeedImageDataLoaderPresentationAdapter.swift */; };
		D1D1533D2BF6A8DF00384E33 /* FeedPresenterTests.swift in Sources */ = {isa = PBXBuildFile; fileRef = D1D1533C2BF6A8DF00384E33 /* FeedPresenterTests.swift */; };
		D1D153422BF6B97B00384E33 /* FeedPresenter.swift in Sources */ = {isa = PBXBuildFile; fileRef = D1D153412BF6B97B00384E33 /* FeedPresenter.swift */; };
		D1D153432BF6BA4A00384E33 /* Feed.xcstrings in Resources */ = {isa = PBXBuildFile; fileRef = D1D1533E2BF6B06E00384E33 /* Feed.xcstrings */; };
		D1D153452BF6BA9400384E33 /* FeedViewModel.swift in Sources */ = {isa = PBXBuildFile; fileRef = D1D153442BF6BA9400384E33 /* FeedViewModel.swift */; };
		D1D153472BF6BAA200384E33 /* FeedLoadingViewModel.swift in Sources */ = {isa = PBXBuildFile; fileRef = D1D153462BF6BAA200384E33 /* FeedLoadingViewModel.swift */; };
		D1D153492BF6BAAD00384E33 /* FeedErrorViewModel.swift in Sources */ = {isa = PBXBuildFile; fileRef = D1D153482BF6BAAD00384E33 /* FeedErrorViewModel.swift */; };
		D1E5959F2B8D6002008D9A7B /* LocalFeedLoader.swift in Sources */ = {isa = PBXBuildFile; fileRef = D1E5959E2B8D6002008D9A7B /* LocalFeedLoader.swift */; };
		D1E595A12B8D601E008D9A7B /* FeedStore.swift in Sources */ = {isa = PBXBuildFile; fileRef = D1E595A02B8D601E008D9A7B /* FeedStore.swift */; };
		D1E595A32B8EE659008D9A7B /* RemoteFeedItem.swift in Sources */ = {isa = PBXBuildFile; fileRef = D1E595A22B8EE659008D9A7B /* RemoteFeedItem.swift */; };
		D1E595A52B8EE68D008D9A7B /* LocalFeedImage.swift in Sources */ = {isa = PBXBuildFile; fileRef = D1E595A42B8EE68D008D9A7B /* LocalFeedImage.swift */; };
		D1E595A72B8EE999008D9A7B /* LoadFeedFromCacheUseCaseTests.swift in Sources */ = {isa = PBXBuildFile; fileRef = D1E595A62B8EE999008D9A7B /* LoadFeedFromCacheUseCaseTests.swift */; };
		D1E595AA2B8EEB90008D9A7B /* FeedStoreSpy.swift in Sources */ = {isa = PBXBuildFile; fileRef = D1E595A92B8EEB90008D9A7B /* FeedStoreSpy.swift */; };
		D1E595AC2B8EED76008D9A7B /* SharedTestHelpers.swift in Sources */ = {isa = PBXBuildFile; fileRef = D1E595AB2B8EED76008D9A7B /* SharedTestHelpers.swift */; };
		D1E595AE2B902BC0008D9A7B /* ValidateFeedCacheUseCase.swift in Sources */ = {isa = PBXBuildFile; fileRef = D1E595AD2B902BC0008D9A7B /* ValidateFeedCacheUseCase.swift */; };
		D1E595B22B902FF8008D9A7B /* FeedCache+Helpers.swift in Sources */ = {isa = PBXBuildFile; fileRef = D1E595B12B902FF8008D9A7B /* FeedCache+Helpers.swift */; };
		D1E595B42B903704008D9A7B /* FeedCachePolicy.swift in Sources */ = {isa = PBXBuildFile; fileRef = D1E595B32B903704008D9A7B /* FeedCachePolicy.swift */; };
		D1E595B62B96C4AA008D9A7B /* CodableFeedStoreTests.swift in Sources */ = {isa = PBXBuildFile; fileRef = D1E595B52B96C4AA008D9A7B /* CodableFeedStoreTests.swift */; };
		D1EC5DA62BD8481000ED8E1F /* EssensialFeediOS.framework in Frameworks */ = {isa = PBXBuildFile; fileRef = D1EC5D9E2BD8481000ED8E1F /* EssensialFeediOS.framework */; };
/* End PBXBuildFile section */

/* Begin PBXContainerItemProxy section */
		D159232E2BCA16E3004B164F /* PBXContainerItemProxy */ = {
			isa = PBXContainerItemProxy;
			containerPortal = D1957ACE2B855D500020F72A /* Project object */;
			proxyType = 1;
			remoteGlobalIDString = D1957AD62B855D500020F72A;
			remoteInfo = EssensialFeed;
		};
		D15CFCDC2BD9ED6D00C2953B /* PBXContainerItemProxy */ = {
			isa = PBXContainerItemProxy;
			containerPortal = D1957ACE2B855D500020F72A /* Project object */;
			proxyType = 1;
			remoteGlobalIDString = D1957AD62B855D500020F72A;
			remoteInfo = EssensialFeed;
		};
		D1957AE12B855D500020F72A /* PBXContainerItemProxy */ = {
			isa = PBXContainerItemProxy;
			containerPortal = D1957ACE2B855D500020F72A /* Project object */;
			proxyType = 1;
			remoteGlobalIDString = D1957AD62B855D500020F72A;
			remoteInfo = EssensialFeed;
		};
		D1957B122B87E8D40020F72A /* PBXContainerItemProxy */ = {
			isa = PBXContainerItemProxy;
			containerPortal = D1957ACE2B855D500020F72A /* Project object */;
			proxyType = 1;
			remoteGlobalIDString = D1957AD62B855D500020F72A;
			remoteInfo = EssensialFeed;
		};
		D1EC5DA72BD8481000ED8E1F /* PBXContainerItemProxy */ = {
			isa = PBXContainerItemProxy;
			containerPortal = D1957ACE2B855D500020F72A /* Project object */;
			proxyType = 1;
			remoteGlobalIDString = D1EC5D9D2BD8481000ED8E1F;
			remoteInfo = EssensialFeediOS;
		};
/* End PBXContainerItemProxy section */

/* Begin PBXCopyFilesBuildPhase section */
		D15CFCDE2BD9ED6D00C2953B /* Embed Frameworks */ = {
			isa = PBXCopyFilesBuildPhase;
			buildActionMask = 2147483647;
			dstPath = "";
			dstSubfolderSpec = 10;
			files = (
				D15CFCDB2BD9ED6D00C2953B /* EssensialFeed.framework in Embed Frameworks */,
			);
			name = "Embed Frameworks";
			runOnlyForDeploymentPostprocessing = 0;
		};
/* End PBXCopyFilesBuildPhase section */

/* Begin PBXFileReference section */
		D11666A02BAE2BE5005A4DB2 /* CodableFeedStore.swift */ = {isa = PBXFileReference; lastKnownFileType = sourcecode.swift; path = CodableFeedStore.swift; sourceTree = "<group>"; };
		D139856F2B885A6900B4691D /* EssensialFeedAPIEndToEndTests.xctestplan */ = {isa = PBXFileReference; lastKnownFileType = text; path = EssensialFeedAPIEndToEndTests.xctestplan; sourceTree = "<group>"; };
		D13985702B885AC800B4691D /* CI.xctestplan */ = {isa = PBXFileReference; lastKnownFileType = text; path = CI.xctestplan; sourceTree = "<group>"; };
		D13985732B8D4CD000B4691D /* CacheFeedUseCaseTests.swift */ = {isa = PBXFileReference; lastKnownFileType = sourcecode.swift; path = CacheFeedUseCaseTests.swift; sourceTree = "<group>"; };
		D15923042BCA0589004B164F /* FeedStoreSpecs.swift */ = {isa = PBXFileReference; lastKnownFileType = sourcecode.swift; path = FeedStoreSpecs.swift; sourceTree = "<group>"; };
		D15923062BCA0616004B164F /* XCTestCase+FeedStoreSpecs.swift */ = {isa = PBXFileReference; lastKnownFileType = sourcecode.swift; path = "XCTestCase+FeedStoreSpecs.swift"; sourceTree = "<group>"; };
		D15923082BCA0BEF004B164F /* XCTestCase+FailableRetrieveFeedStoreSpecs.swift */ = {isa = PBXFileReference; lastKnownFileType = sourcecode.swift; path = "XCTestCase+FailableRetrieveFeedStoreSpecs.swift"; sourceTree = "<group>"; };
		D159230A2BCA0C7F004B164F /* XCTestCase+FailableDeleteFeedStoreSpecs.swift */ = {isa = PBXFileReference; lastKnownFileType = sourcecode.swift; path = "XCTestCase+FailableDeleteFeedStoreSpecs.swift"; sourceTree = "<group>"; };
		D159230C2BCA0C91004B164F /* XCTestCase+FailableInsertFeedStoreSpecs.swift */ = {isa = PBXFileReference; lastKnownFileType = sourcecode.swift; path = "XCTestCase+FailableInsertFeedStoreSpecs.swift"; sourceTree = "<group>"; };
		D159230F2BCA0FE4004B164F /* ManagedFeedImage.swift */ = {isa = PBXFileReference; fileEncoding = 4; lastKnownFileType = sourcecode.swift; path = ManagedFeedImage.swift; sourceTree = "<group>"; };
		D15923112BCA0FE4004B164F /* CoreDataHelpers.swift */ = {isa = PBXFileReference; fileEncoding = 4; lastKnownFileType = sourcecode.swift; path = CoreDataHelpers.swift; sourceTree = "<group>"; };
		D15923132BCA0FE4004B164F /* FeedStore.xcdatamodel */ = {isa = PBXFileReference; lastKnownFileType = wrapper.xcdatamodel; path = FeedStore.xcdatamodel; sourceTree = "<group>"; };
		D15923142BCA0FE4004B164F /* CoreDataFeedStore.swift */ = {isa = PBXFileReference; fileEncoding = 4; lastKnownFileType = sourcecode.swift; path = CoreDataFeedStore.swift; sourceTree = "<group>"; };
		D15923152BCA0FE4004B164F /* ManagedFeed.swift */ = {isa = PBXFileReference; fileEncoding = 4; lastKnownFileType = sourcecode.swift; path = ManagedFeed.swift; sourceTree = "<group>"; };
		D159231C2BCA100E004B164F /* NSManagedObjectContext+Stub.swift */ = {isa = PBXFileReference; fileEncoding = 4; lastKnownFileType = sourcecode.swift; path = "NSManagedObjectContext+Stub.swift"; sourceTree = "<group>"; };
		D159231D2BCA100E004B164F /* NSManagedObjectContext+Helpers.swift */ = {isa = PBXFileReference; fileEncoding = 4; lastKnownFileType = sourcecode.swift; path = "NSManagedObjectContext+Helpers.swift"; sourceTree = "<group>"; };
		D159231E2BCA100E004B164F /* NSEntityDescription+Assertions.swift */ = {isa = PBXFileReference; fileEncoding = 4; lastKnownFileType = sourcecode.swift; path = "NSEntityDescription+Assertions.swift"; sourceTree = "<group>"; };
		D15923232BCA1032004B164F /* CoreDataFeedStoreTests.swift */ = {isa = PBXFileReference; lastKnownFileType = sourcecode.swift; path = CoreDataFeedStoreTests.swift; sourceTree = "<group>"; };
		D15923292BCA16E3004B164F /* EssensialFeedCacheIntegrationTests.xctest */ = {isa = PBXFileReference; explicitFileType = wrapper.cfbundle; includeInIndex = 0; path = EssensialFeedCacheIntegrationTests.xctest; sourceTree = BUILT_PRODUCTS_DIR; };
		D159232B2BCA16E3004B164F /* EssensialFeedCacheIntegrationTests.swift */ = {isa = PBXFileReference; lastKnownFileType = sourcecode.swift; path = EssensialFeedCacheIntegrationTests.swift; sourceTree = "<group>"; };
		D15CFCD62BD9EACD00C2953B /* FeedUIIntegrationTests.swift */ = {isa = PBXFileReference; lastKnownFileType = sourcecode.swift; path = FeedUIIntegrationTests.swift; sourceTree = "<group>"; };
		D15CFCE12BD9F37000C2953B /* FeedViewController+TestHelpers.swift */ = {isa = PBXFileReference; lastKnownFileType = sourcecode.swift; path = "FeedViewController+TestHelpers.swift"; sourceTree = "<group>"; };
		D15CFCE32BD9F3C100C2953B /* UIRefreshControl+TestHelpers.swift */ = {isa = PBXFileReference; lastKnownFileType = sourcecode.swift; path = "UIRefreshControl+TestHelpers.swift"; sourceTree = "<group>"; };
		D15CFCE52BD9F9B700C2953B /* FeedViewController.swift */ = {isa = PBXFileReference; lastKnownFileType = sourcecode.swift; path = FeedViewController.swift; sourceTree = "<group>"; };
		D1957AD72B855D500020F72A /* EssensialFeed.framework */ = {isa = PBXFileReference; explicitFileType = wrapper.framework; includeInIndex = 0; path = EssensialFeed.framework; sourceTree = BUILT_PRODUCTS_DIR; };
		D1957ADF2B855D500020F72A /* EssensialFeedTests.xctest */ = {isa = PBXFileReference; explicitFileType = wrapper.cfbundle; includeInIndex = 0; path = EssensialFeedTests.xctest; sourceTree = BUILT_PRODUCTS_DIR; };
		D1957AEF2B855E840020F72A /* FeedImage.swift */ = {isa = PBXFileReference; lastKnownFileType = sourcecode.swift; path = FeedImage.swift; sourceTree = "<group>"; };
		D1957AF12B855F570020F72A /* FeedLoader.swift */ = {isa = PBXFileReference; lastKnownFileType = sourcecode.swift; path = FeedLoader.swift; sourceTree = "<group>"; };
		D1957AF42B8560780020F72A /* LoadFeedFromRemoteUseCaseTests.swift */ = {isa = PBXFileReference; lastKnownFileType = sourcecode.swift; path = LoadFeedFromRemoteUseCaseTests.swift; sourceTree = "<group>"; };
		D1957AF72B8596400020F72A /* RemoteFeedLoader.swift */ = {isa = PBXFileReference; lastKnownFileType = sourcecode.swift; path = RemoteFeedLoader.swift; sourceTree = "<group>"; };
		D1957AF92B85BBB10020F72A /* HTTPClient.swift */ = {isa = PBXFileReference; lastKnownFileType = sourcecode.swift; path = HTTPClient.swift; sourceTree = "<group>"; };
		D1957AFB2B85BBCB0020F72A /* FeedItemMapper.swift */ = {isa = PBXFileReference; lastKnownFileType = sourcecode.swift; path = FeedItemMapper.swift; sourceTree = "<group>"; };
		D1957AFE2B86A4C70020F72A /* URLSessionHTTPClient.swift */ = {isa = PBXFileReference; lastKnownFileType = sourcecode.swift; path = URLSessionHTTPClient.swift; sourceTree = "<group>"; };
		D1957B002B86A50F0020F72A /* URLSessionHTTPClientTests.swift */ = {isa = PBXFileReference; lastKnownFileType = sourcecode.swift; path = URLSessionHTTPClientTests.swift; sourceTree = "<group>"; };
		D1957B022B86FA190020F72A /* XCTestCase+MemoryLeakTracking.swift */ = {isa = PBXFileReference; lastKnownFileType = sourcecode.swift; path = "XCTestCase+MemoryLeakTracking.swift"; sourceTree = "<group>"; };
		D1957B082B87E7630020F72A /* EssensialFeed.xctestplan */ = {isa = PBXFileReference; lastKnownFileType = text; path = EssensialFeed.xctestplan; sourceTree = "<group>"; };
		D1957B0D2B87E8D40020F72A /* EssensialFeedAPIEndToEndTests.xctest */ = {isa = PBXFileReference; explicitFileType = wrapper.cfbundle; includeInIndex = 0; path = EssensialFeedAPIEndToEndTests.xctest; sourceTree = BUILT_PRODUCTS_DIR; };
		D1957B0F2B87E8D40020F72A /* EssensialFeedAPIEndToEndTests.swift */ = {isa = PBXFileReference; lastKnownFileType = sourcecode.swift; path = EssensialFeedAPIEndToEndTests.swift; sourceTree = "<group>"; };
		D1B4D2342BDCB49A0018F7DE /* FeedImageCell.swift */ = {isa = PBXFileReference; lastKnownFileType = sourcecode.swift; path = FeedImageCell.swift; sourceTree = "<group>"; };
		D1B4D2362BDCB51B0018F7DE /* FeedImageCell+TestHelpers.swift */ = {isa = PBXFileReference; lastKnownFileType = sourcecode.swift; path = "FeedImageCell+TestHelpers.swift"; sourceTree = "<group>"; };
		D1B4D2382BE074A90018F7DE /* UIView+Shimmering.swift */ = {isa = PBXFileReference; lastKnownFileType = sourcecode.swift; path = "UIView+Shimmering.swift"; sourceTree = "<group>"; };
		D1B4D23A2BE17ACD0018F7DE /* UIButton+TestHelpers.swift */ = {isa = PBXFileReference; lastKnownFileType = sourcecode.swift; path = "UIButton+TestHelpers.swift"; sourceTree = "<group>"; };
		D1B4D2402BE17FE40018F7DE /* FeedImageDataLoader.swift */ = {isa = PBXFileReference; lastKnownFileType = sourcecode.swift; path = FeedImageDataLoader.swift; sourceTree = "<group>"; };
		D1B4D2442BE189010018F7DE /* FeedImageCellController.swift */ = {isa = PBXFileReference; lastKnownFileType = sourcecode.swift; path = FeedImageCellController.swift; sourceTree = "<group>"; };
		D1B4D2472BE18C300018F7DE /* FeedUIComposer.swift */ = {isa = PBXFileReference; lastKnownFileType = sourcecode.swift; path = FeedUIComposer.swift; sourceTree = "<group>"; };
		D1B4D24F2BE5963F0018F7DE /* FeedPresentation.swift */ = {isa = PBXFileReference; lastKnownFileType = sourcecode.swift; path = FeedPresentation.swift; sourceTree = "<group>"; };
		D1B4D2532BE5A1D10018F7DE /* FeedImageViewModel.swift */ = {isa = PBXFileReference; lastKnownFileType = sourcecode.swift; path = FeedImageViewModel.swift; sourceTree = "<group>"; };
		D1B4D2552BE5A1ED0018F7DE /* FeedViewModel.swift */ = {isa = PBXFileReference; lastKnownFileType = sourcecode.swift; path = FeedViewModel.swift; sourceTree = "<group>"; };
		D1B4D2572BE5A20A0018F7DE /* FeedLoadingViewModel.swift */ = {isa = PBXFileReference; lastKnownFileType = sourcecode.swift; path = FeedLoadingViewModel.swift; sourceTree = "<group>"; };
		D1B4D2592BE5A2A80018F7DE /* FeedImagePresenter.swift */ = {isa = PBXFileReference; fileEncoding = 4; lastKnownFileType = sourcecode.swift; path = FeedImagePresenter.swift; sourceTree = "<group>"; };
		D1B4D25B2BE6EC440018F7DE /* Feed.storyboard */ = {isa = PBXFileReference; fileEncoding = 4; lastKnownFileType = file.storyboard; path = Feed.storyboard; sourceTree = "<group>"; };
		D1B4D25C2BE6EC440018F7DE /* Feed.xcassets */ = {isa = PBXFileReference; lastKnownFileType = folder.assetcatalog; path = Feed.xcassets; sourceTree = "<group>"; };
		D1B4D25F2BE973540018F7DE /* UITableView+Dequeueing.swift */ = {isa = PBXFileReference; lastKnownFileType = sourcecode.swift; path = "UITableView+Dequeueing.swift"; sourceTree = "<group>"; };
		D1B4D2612BE974500018F7DE /* UIImageView+Animated.swift */ = {isa = PBXFileReference; lastKnownFileType = sourcecode.swift; path = "UIImageView+Animated.swift"; sourceTree = "<group>"; };
		D1B4D2632BE977B80018F7DE /* Feed.xcstrings */ = {isa = PBXFileReference; lastKnownFileType = text.json.xcstrings; path = Feed.xcstrings; sourceTree = "<group>"; };
		D1B4D2652BE979930018F7DE /* FeedUIIntegrationTests+Localization.swift */ = {isa = PBXFileReference; lastKnownFileType = sourcecode.swift; path = "FeedUIIntegrationTests+Localization.swift"; sourceTree = "<group>"; };
		D1B4D2692BE97CBE0018F7DE /* FeedLocalizationTests.swift */ = {isa = PBXFileReference; lastKnownFileType = sourcecode.swift; path = FeedLocalizationTests.swift; sourceTree = "<group>"; };
		D1D153312BEED1FA00384E33 /* MainQueueDispatchDecorator.swift */ = {isa = PBXFileReference; lastKnownFileType = sourcecode.swift; path = MainQueueDispatchDecorator.swift; sourceTree = "<group>"; };
		D1D153332BEED26700384E33 /* WeakRefVirtualProxy.swift */ = {isa = PBXFileReference; lastKnownFileType = sourcecode.swift; path = WeakRefVirtualProxy.swift; sourceTree = "<group>"; };
		D1D153352BEED29F00384E33 /* FeedViewAdapter.swift */ = {isa = PBXFileReference; lastKnownFileType = sourcecode.swift; path = FeedViewAdapter.swift; sourceTree = "<group>"; };
		D1D153372BEED2C400384E33 /* FeedLoaderPresentationAdapter.swift */ = {isa = PBXFileReference; lastKnownFileType = sourcecode.swift; path = FeedLoaderPresentationAdapter.swift; sourceTree = "<group>"; };
		D1D153392BEED2E200384E33 /* FeedImageDataLoaderPresentationAdapter.swift */ = {isa = PBXFileReference; lastKnownFileType = sourcecode.swift; path = FeedImageDataLoaderPresentationAdapter.swift; sourceTree = "<group>"; };
		D1D1533C2BF6A8DF00384E33 /* FeedPresenterTests.swift */ = {isa = PBXFileReference; lastKnownFileType = sourcecode.swift; path = FeedPresenterTests.swift; sourceTree = "<group>"; };
		D1D1533E2BF6B06E00384E33 /* Feed.xcstrings */ = {isa = PBXFileReference; fileEncoding = 4; lastKnownFileType = text.json.xcstrings; path = Feed.xcstrings; sourceTree = "<group>"; };
		D1D153412BF6B97B00384E33 /* FeedPresenter.swift */ = {isa = PBXFileReference; lastKnownFileType = sourcecode.swift; path = FeedPresenter.swift; sourceTree = "<group>"; };
		D1D153442BF6BA9400384E33 /* FeedViewModel.swift */ = {isa = PBXFileReference; lastKnownFileType = sourcecode.swift; path = FeedViewModel.swift; sourceTree = "<group>"; };
		D1D153462BF6BAA200384E33 /* FeedLoadingViewModel.swift */ = {isa = PBXFileReference; lastKnownFileType = sourcecode.swift; path = FeedLoadingViewModel.swift; sourceTree = "<group>"; };
		D1D153482BF6BAAD00384E33 /* FeedErrorViewModel.swift */ = {isa = PBXFileReference; lastKnownFileType = sourcecode.swift; path = FeedErrorViewModel.swift; sourceTree = "<group>"; };
		D1E5959E2B8D6002008D9A7B /* LocalFeedLoader.swift */ = {isa = PBXFileReference; lastKnownFileType = sourcecode.swift; path = LocalFeedLoader.swift; sourceTree = "<group>"; };
		D1E595A02B8D601E008D9A7B /* FeedStore.swift */ = {isa = PBXFileReference; lastKnownFileType = sourcecode.swift; path = FeedStore.swift; sourceTree = "<group>"; };
		D1E595A22B8EE659008D9A7B /* RemoteFeedItem.swift */ = {isa = PBXFileReference; lastKnownFileType = sourcecode.swift; path = RemoteFeedItem.swift; sourceTree = "<group>"; };
		D1E595A42B8EE68D008D9A7B /* LocalFeedImage.swift */ = {isa = PBXFileReference; lastKnownFileType = sourcecode.swift; path = LocalFeedImage.swift; sourceTree = "<group>"; };
		D1E595A62B8EE999008D9A7B /* LoadFeedFromCacheUseCaseTests.swift */ = {isa = PBXFileReference; lastKnownFileType = sourcecode.swift; path = LoadFeedFromCacheUseCaseTests.swift; sourceTree = "<group>"; };
		D1E595A92B8EEB90008D9A7B /* FeedStoreSpy.swift */ = {isa = PBXFileReference; lastKnownFileType = sourcecode.swift; path = FeedStoreSpy.swift; sourceTree = "<group>"; };
		D1E595AB2B8EED76008D9A7B /* SharedTestHelpers.swift */ = {isa = PBXFileReference; lastKnownFileType = sourcecode.swift; path = SharedTestHelpers.swift; sourceTree = "<group>"; };
		D1E595AD2B902BC0008D9A7B /* ValidateFeedCacheUseCase.swift */ = {isa = PBXFileReference; lastKnownFileType = sourcecode.swift; path = ValidateFeedCacheUseCase.swift; sourceTree = "<group>"; };
		D1E595B12B902FF8008D9A7B /* FeedCache+Helpers.swift */ = {isa = PBXFileReference; lastKnownFileType = sourcecode.swift; path = "FeedCache+Helpers.swift"; sourceTree = "<group>"; };
		D1E595B32B903704008D9A7B /* FeedCachePolicy.swift */ = {isa = PBXFileReference; lastKnownFileType = sourcecode.swift; path = FeedCachePolicy.swift; sourceTree = "<group>"; };
		D1E595B52B96C4AA008D9A7B /* CodableFeedStoreTests.swift */ = {isa = PBXFileReference; lastKnownFileType = sourcecode.swift; path = CodableFeedStoreTests.swift; sourceTree = "<group>"; };
		D1EC5D9E2BD8481000ED8E1F /* EssensialFeediOS.framework */ = {isa = PBXFileReference; explicitFileType = wrapper.framework; includeInIndex = 0; path = EssensialFeediOS.framework; sourceTree = BUILT_PRODUCTS_DIR; };
		D1EC5DA52BD8481000ED8E1F /* EssensialFeediOSTests.xctest */ = {isa = PBXFileReference; explicitFileType = wrapper.cfbundle; includeInIndex = 0; path = EssensialFeediOSTests.xctest; sourceTree = BUILT_PRODUCTS_DIR; };
		D1EC5DB32BD8489700ED8E1F /* EssensialFeediOS.xctestplan */ = {isa = PBXFileReference; lastKnownFileType = text; path = EssensialFeediOS.xctestplan; sourceTree = "<group>"; };
/* End PBXFileReference section */

/* Begin PBXFrameworksBuildPhase section */
		D15923262BCA16E3004B164F /* Frameworks */ = {
			isa = PBXFrameworksBuildPhase;
			buildActionMask = 2147483647;
			files = (
				D159232D2BCA16E3004B164F /* EssensialFeed.framework in Frameworks */,
			);
			runOnlyForDeploymentPostprocessing = 0;
		};
		D1957AD42B855D500020F72A /* Frameworks */ = {
			isa = PBXFrameworksBuildPhase;
			buildActionMask = 2147483647;
			files = (
			);
			runOnlyForDeploymentPostprocessing = 0;
		};
		D1957ADC2B855D500020F72A /* Frameworks */ = {
			isa = PBXFrameworksBuildPhase;
			buildActionMask = 2147483647;
			files = (
				D1957AE02B855D500020F72A /* EssensialFeed.framework in Frameworks */,
			);
			runOnlyForDeploymentPostprocessing = 0;
		};
		D1957B0A2B87E8D40020F72A /* Frameworks */ = {
			isa = PBXFrameworksBuildPhase;
			buildActionMask = 2147483647;
			files = (
				D1957B112B87E8D40020F72A /* EssensialFeed.framework in Frameworks */,
			);
			runOnlyForDeploymentPostprocessing = 0;
		};
		D1EC5D9B2BD8481000ED8E1F /* Frameworks */ = {
			isa = PBXFrameworksBuildPhase;
			buildActionMask = 2147483647;
			files = (
				D15CFCDA2BD9ED6D00C2953B /* EssensialFeed.framework in Frameworks */,
			);
			runOnlyForDeploymentPostprocessing = 0;
		};
		D1EC5DA22BD8481000ED8E1F /* Frameworks */ = {
			isa = PBXFrameworksBuildPhase;
			buildActionMask = 2147483647;
			files = (
				D1EC5DA62BD8481000ED8E1F /* EssensialFeediOS.framework in Frameworks */,
			);
			runOnlyForDeploymentPostprocessing = 0;
		};
/* End PBXFrameworksBuildPhase section */

/* Begin PBXGroup section */
		D13985712B8D4C9C00B4691D /* Feed Cache */ = {
			isa = PBXGroup;
			children = (
				D15923362BCF2469004B164F /* Infrastructure */,
				D1E595B32B903704008D9A7B /* FeedCachePolicy.swift */,
				D1E595A02B8D601E008D9A7B /* FeedStore.swift */,
				D1E595A42B8EE68D008D9A7B /* LocalFeedImage.swift */,
				D1E5959E2B8D6002008D9A7B /* LocalFeedLoader.swift */,
				D15923122BCA0FE4004B164F /* FeedStore.xcdatamodeld */,
				D15923102BCA0FE4004B164F /* Helpers */,
			);
			path = "Feed Cache";
			sourceTree = "<group>";
		};
		D13985722B8D4CAD00B4691D /* Feed Cache */ = {
			isa = PBXGroup;
			children = (
				D159230E2BCA0E10004B164F /* FeedStoreSpecs */,
				D1E595A82B8EEB7B008D9A7B /* Helpers */,
				D13985732B8D4CD000B4691D /* CacheFeedUseCaseTests.swift */,
				D1E595A62B8EE999008D9A7B /* LoadFeedFromCacheUseCaseTests.swift */,
				D1E595AD2B902BC0008D9A7B /* ValidateFeedCacheUseCase.swift */,
				D1E595B52B96C4AA008D9A7B /* CodableFeedStoreTests.swift */,
				D15923232BCA1032004B164F /* CoreDataFeedStoreTests.swift */,
			);
			path = "Feed Cache";
			sourceTree = "<group>";
		};
		D159230E2BCA0E10004B164F /* FeedStoreSpecs */ = {
			isa = PBXGroup;
			children = (
				D15923042BCA0589004B164F /* FeedStoreSpecs.swift */,
				D15923062BCA0616004B164F /* XCTestCase+FeedStoreSpecs.swift */,
				D15923082BCA0BEF004B164F /* XCTestCase+FailableRetrieveFeedStoreSpecs.swift */,
				D159230A2BCA0C7F004B164F /* XCTestCase+FailableDeleteFeedStoreSpecs.swift */,
				D159230C2BCA0C91004B164F /* XCTestCase+FailableInsertFeedStoreSpecs.swift */,
			);
			path = FeedStoreSpecs;
			sourceTree = "<group>";
		};
		D15923102BCA0FE4004B164F /* Helpers */ = {
			isa = PBXGroup;
			children = (
				D15923112BCA0FE4004B164F /* CoreDataHelpers.swift */,
			);
			path = Helpers;
			sourceTree = "<group>";
		};
		D159232A2BCA16E3004B164F /* EssensialFeedCacheIntegrationTests */ = {
			isa = PBXGroup;
			children = (
				D159232B2BCA16E3004B164F /* EssensialFeedCacheIntegrationTests.swift */,
			);
			path = EssensialFeedCacheIntegrationTests;
			sourceTree = "<group>";
		};
		D15923362BCF2469004B164F /* Infrastructure */ = {
			isa = PBXGroup;
			children = (
				D15923382BCF2497004B164F /* Codable */,
				D15923372BCF2476004B164F /* CoreData */,
			);
			path = Infrastructure;
			sourceTree = "<group>";
		};
		D15923372BCF2476004B164F /* CoreData */ = {
			isa = PBXGroup;
			children = (
				D159230F2BCA0FE4004B164F /* ManagedFeedImage.swift */,
				D15923152BCA0FE4004B164F /* ManagedFeed.swift */,
				D15923142BCA0FE4004B164F /* CoreDataFeedStore.swift */,
			);
			path = CoreData;
			sourceTree = "<group>";
		};
		D15923382BCF2497004B164F /* Codable */ = {
			isa = PBXGroup;
			children = (
				D11666A02BAE2BE5005A4DB2 /* CodableFeedStore.swift */,
			);
			path = Codable;
			sourceTree = "<group>";
		};
		D15CFCD92BD9ED6D00C2953B /* Frameworks */ = {
			isa = PBXGroup;
			children = (
			);
			name = Frameworks;
			sourceTree = "<group>";
		};
		D15CFCE02BD9F35600C2953B /* Helpers */ = {
			isa = PBXGroup;
			children = (
				D15CFCE12BD9F37000C2953B /* FeedViewController+TestHelpers.swift */,
				D15CFCE32BD9F3C100C2953B /* UIRefreshControl+TestHelpers.swift */,
				D1B4D2362BDCB51B0018F7DE /* FeedImageCell+TestHelpers.swift */,
				D1B4D23A2BE17ACD0018F7DE /* UIButton+TestHelpers.swift */,
				D1B4D2652BE979930018F7DE /* FeedUIIntegrationTests+Localization.swift */,
			);
			path = Helpers;
			sourceTree = "<group>";
		};
		D1957ACD2B855D500020F72A = {
			isa = PBXGroup;
			children = (
				D1957AD92B855D500020F72A /* EssensialFeed */,
				D1957AE32B855D500020F72A /* EssensialFeedTests */,
				D1957B0E2B87E8D40020F72A /* EssensialFeedAPIEndToEndTests */,
				D159232A2BCA16E3004B164F /* EssensialFeedCacheIntegrationTests */,
				D1EC5D9F2BD8481000ED8E1F /* EssensialFeediOS */,
				D1EC5DA92BD8481000ED8E1F /* EssensialFeediOSTests */,
				D1957AD82B855D500020F72A /* Products */,
				D15CFCD92BD9ED6D00C2953B /* Frameworks */,
			);
			sourceTree = "<group>";
		};
		D1957AD82B855D500020F72A /* Products */ = {
			isa = PBXGroup;
			children = (
				D1957AD72B855D500020F72A /* EssensialFeed.framework */,
				D1957ADF2B855D500020F72A /* EssensialFeedTests.xctest */,
				D1957B0D2B87E8D40020F72A /* EssensialFeedAPIEndToEndTests.xctest */,
				D15923292BCA16E3004B164F /* EssensialFeedCacheIntegrationTests.xctest */,
				D1EC5D9E2BD8481000ED8E1F /* EssensialFeediOS.framework */,
				D1EC5DA52BD8481000ED8E1F /* EssensialFeediOSTests.xctest */,
			);
			name = Products;
			sourceTree = "<group>";
		};
		D1957AD92B855D500020F72A /* EssensialFeed */ = {
			isa = PBXGroup;
			children = (
				D1D153402BF6B96600384E33 /* Feed Presentation */,
				D13985712B8D4C9C00B4691D /* Feed Cache */,
				D1957AF62B85962C0020F72A /* Feed API */,
				D1957AF32B855FF50020F72A /* Feed feature */,
			);
			path = EssensialFeed;
			sourceTree = "<group>";
		};
		D1957AE32B855D500020F72A /* EssensialFeedTests */ = {
			isa = PBXGroup;
			children = (
				D1957B082B87E7630020F72A /* EssensialFeed.xctestplan */,
				D1957B042B86FAB70020F72A /* Helpers */,
				D1957AFD2B85BFA60020F72A /* Feed API */,
				D13985722B8D4CAD00B4691D /* Feed Cache */,
				D1D1533B2BEED4B600384E33 /* Feed Presentation */,
			);
			path = EssensialFeedTests;
			sourceTree = "<group>";
		};
		D1957AF32B855FF50020F72A /* Feed feature */ = {
			isa = PBXGroup;
			children = (
				D1957AEF2B855E840020F72A /* FeedImage.swift */,
				D1957AF12B855F570020F72A /* FeedLoader.swift */,
			);
			path = "Feed feature";
			sourceTree = "<group>";
		};
		D1957AF62B85962C0020F72A /* Feed API */ = {
			isa = PBXGroup;
			children = (
				D1957AF72B8596400020F72A /* RemoteFeedLoader.swift */,
				D1E595A22B8EE659008D9A7B /* RemoteFeedItem.swift */,
				D1957AF92B85BBB10020F72A /* HTTPClient.swift */,
				D1957AFB2B85BBCB0020F72A /* FeedItemMapper.swift */,
				D1957AFE2B86A4C70020F72A /* URLSessionHTTPClient.swift */,
			);
			path = "Feed API";
			sourceTree = "<group>";
		};
		D1957AFD2B85BFA60020F72A /* Feed API */ = {
			isa = PBXGroup;
			children = (
				D1957AF42B8560780020F72A /* LoadFeedFromRemoteUseCaseTests.swift */,
				D1957B002B86A50F0020F72A /* URLSessionHTTPClientTests.swift */,
			);
			path = "Feed API";
			sourceTree = "<group>";
		};
		D1957B042B86FAB70020F72A /* Helpers */ = {
			isa = PBXGroup;
			children = (
				D1957B022B86FA190020F72A /* XCTestCase+MemoryLeakTracking.swift */,
				D1E595AB2B8EED76008D9A7B /* SharedTestHelpers.swift */,
			);
			path = Helpers;
			sourceTree = "<group>";
		};
		D1957B0E2B87E8D40020F72A /* EssensialFeedAPIEndToEndTests */ = {
			isa = PBXGroup;
			children = (
				D13985702B885AC800B4691D /* CI.xctestplan */,
				D139856F2B885A6900B4691D /* EssensialFeedAPIEndToEndTests.xctestplan */,
				D1957B0F2B87E8D40020F72A /* EssensialFeedAPIEndToEndTests.swift */,
			);
			path = EssensialFeedAPIEndToEndTests;
			sourceTree = "<group>";
		};
		D1B4D23C2BE17F8E0018F7DE /* Feed UI */ = {
			isa = PBXGroup;
			children = (
				D1B4D2462BE18C1D0018F7DE /* Composers */,
				D1B4D23D2BE17F950018F7DE /* Controllers */,
				D1B4D23E2BE17F9E0018F7DE /* Views */,
			);
			path = "Feed UI";
			sourceTree = "<group>";
		};
		D1B4D23D2BE17F950018F7DE /* Controllers */ = {
			isa = PBXGroup;
			children = (
				D15CFCE52BD9F9B700C2953B /* FeedViewController.swift */,
				D1B4D2442BE189010018F7DE /* FeedImageCellController.swift */,
			);
			path = Controllers;
			sourceTree = "<group>";
		};
		D1B4D23E2BE17F9E0018F7DE /* Views */ = {
			isa = PBXGroup;
			children = (
				D1B4D25B2BE6EC440018F7DE /* Feed.storyboard */,
				D1B4D25C2BE6EC440018F7DE /* Feed.xcassets */,
				D1B4D2382BE074A90018F7DE /* UIView+Shimmering.swift */,
				D1B4D2342BDCB49A0018F7DE /* FeedImageCell.swift */,
				D1B4D25F2BE973540018F7DE /* UITableView+Dequeueing.swift */,
				D1B4D2612BE974500018F7DE /* UIImageView+Animated.swift */,
			);
			path = Views;
			sourceTree = "<group>";
		};
		D1B4D23F2BE17FC40018F7DE /* Feed Image Loader */ = {
			isa = PBXGroup;
			children = (
				D1B4D2402BE17FE40018F7DE /* FeedImageDataLoader.swift */,
			);
			path = "Feed Image Loader";
			sourceTree = "<group>";
		};
		D1B4D2462BE18C1D0018F7DE /* Composers */ = {
			isa = PBXGroup;
			children = (
				D1B4D2472BE18C300018F7DE /* FeedUIComposer.swift */,
				D1D153312BEED1FA00384E33 /* MainQueueDispatchDecorator.swift */,
				D1D153332BEED26700384E33 /* WeakRefVirtualProxy.swift */,
				D1D153352BEED29F00384E33 /* FeedViewAdapter.swift */,
				D1D153372BEED2C400384E33 /* FeedLoaderPresentationAdapter.swift */,
				D1D153392BEED2E200384E33 /* FeedImageDataLoaderPresentationAdapter.swift */,
			);
			path = Composers;
			sourceTree = "<group>";
		};
		D1B4D24E2BE5960F0018F7DE /* Feed Presentation */ = {
			isa = PBXGroup;
			children = (
				D1B4D2592BE5A2A80018F7DE /* FeedImagePresenter.swift */,
				D1B4D24F2BE5963F0018F7DE /* FeedPresentation.swift */,
				D1B4D2532BE5A1D10018F7DE /* FeedImageViewModel.swift */,
				D1B4D2552BE5A1ED0018F7DE /* FeedViewModel.swift */,
				D1B4D2572BE5A20A0018F7DE /* FeedLoadingViewModel.swift */,
				D1B4D2632BE977B80018F7DE /* Feed.xcstrings */,
			);
			path = "Feed Presentation";
			sourceTree = "<group>";
		};
		D1B4D2672BE97A700018F7DE /* Feed UI */ = {
			isa = PBXGroup;
			children = (
				D15CFCE02BD9F35600C2953B /* Helpers */,
				D15CFCD62BD9EACD00C2953B /* FeedUIIntegrationTests.swift */,
			);
			path = "Feed UI";
			sourceTree = "<group>";
		};
		D1B4D2682BE97CA20018F7DE /* Feed Presentation */ = {
			isa = PBXGroup;
			children = (
				D1B4D2692BE97CBE0018F7DE /* FeedLocalizationTests.swift */,
			);
			path = "Feed Presentation";
			sourceTree = "<group>";
		};
		D1D1533B2BEED4B600384E33 /* Feed Presentation */ = {
			isa = PBXGroup;
			children = (
				D1D1533C2BF6A8DF00384E33 /* FeedPresenterTests.swift */,
			);
			path = "Feed Presentation";
			sourceTree = "<group>";
		};
		D1D153402BF6B96600384E33 /* Feed Presentation */ = {
			isa = PBXGroup;
			children = (
				D1D1533E2BF6B06E00384E33 /* Feed.xcstrings */,
				D1D153412BF6B97B00384E33 /* FeedPresenter.swift */,
				D1D153442BF6BA9400384E33 /* FeedViewModel.swift */,
				D1D153462BF6BAA200384E33 /* FeedLoadingViewModel.swift */,
				D1D153482BF6BAAD00384E33 /* FeedErrorViewModel.swift */,
			);
			path = "Feed Presentation";
			sourceTree = "<group>";
		};
		D1E595A82B8EEB7B008D9A7B /* Helpers */ = {
			isa = PBXGroup;
			children = (
				D159231E2BCA100E004B164F /* NSEntityDescription+Assertions.swift */,
				D159231D2BCA100E004B164F /* NSManagedObjectContext+Helpers.swift */,
				D159231C2BCA100E004B164F /* NSManagedObjectContext+Stub.swift */,
				D1E595A92B8EEB90008D9A7B /* FeedStoreSpy.swift */,
				D1E595B12B902FF8008D9A7B /* FeedCache+Helpers.swift */,
			);
			path = Helpers;
			sourceTree = "<group>";
		};
		D1EC5D9F2BD8481000ED8E1F /* EssensialFeediOS */ = {
			isa = PBXGroup;
			children = (
				D1B4D24E2BE5960F0018F7DE /* Feed Presentation */,
				D1B4D23F2BE17FC40018F7DE /* Feed Image Loader */,
				D1B4D23C2BE17F8E0018F7DE /* Feed UI */,
			);
			path = EssensialFeediOS;
			sourceTree = "<group>";
		};
		D1EC5DA92BD8481000ED8E1F /* EssensialFeediOSTests */ = {
			isa = PBXGroup;
			children = (
				D1B4D2682BE97CA20018F7DE /* Feed Presentation */,
				D1B4D2672BE97A700018F7DE /* Feed UI */,
				D1EC5DB32BD8489700ED8E1F /* EssensialFeediOS.xctestplan */,
			);
			path = EssensialFeediOSTests;
			sourceTree = "<group>";
		};
/* End PBXGroup section */

/* Begin PBXHeadersBuildPhase section */
		D1957AD22B855D500020F72A /* Headers */ = {
			isa = PBXHeadersBuildPhase;
			buildActionMask = 2147483647;
			files = (
			);
			runOnlyForDeploymentPostprocessing = 0;
		};
		D1EC5D992BD8481000ED8E1F /* Headers */ = {
			isa = PBXHeadersBuildPhase;
			buildActionMask = 2147483647;
			files = (
			);
			runOnlyForDeploymentPostprocessing = 0;
		};
/* End PBXHeadersBuildPhase section */

/* Begin PBXNativeTarget section */
		D15923282BCA16E3004B164F /* EssensialFeedCacheIntegrationTests */ = {
			isa = PBXNativeTarget;
			buildConfigurationList = D15923302BCA16E3004B164F /* Build configuration list for PBXNativeTarget "EssensialFeedCacheIntegrationTests" */;
			buildPhases = (
				D15923252BCA16E3004B164F /* Sources */,
				D15923262BCA16E3004B164F /* Frameworks */,
				D15923272BCA16E3004B164F /* Resources */,
			);
			buildRules = (
			);
			dependencies = (
				D159232F2BCA16E3004B164F /* PBXTargetDependency */,
			);
			name = EssensialFeedCacheIntegrationTests;
			productName = EssensialFeedCacheIntegrationTests;
			productReference = D15923292BCA16E3004B164F /* EssensialFeedCacheIntegrationTests.xctest */;
			productType = "com.apple.product-type.bundle.unit-test";
		};
		D1957AD62B855D500020F72A /* EssensialFeed */ = {
			isa = PBXNativeTarget;
			buildConfigurationList = D1957AE92B855D500020F72A /* Build configuration list for PBXNativeTarget "EssensialFeed" */;
			buildPhases = (
				D1957AD22B855D500020F72A /* Headers */,
				D1957AD32B855D500020F72A /* Sources */,
				D1957AD42B855D500020F72A /* Frameworks */,
				D1957AD52B855D500020F72A /* Resources */,
			);
			buildRules = (
			);
			dependencies = (
			);
			name = EssensialFeed;
			productName = EssensialFeed;
			productReference = D1957AD72B855D500020F72A /* EssensialFeed.framework */;
			productType = "com.apple.product-type.framework";
		};
		D1957ADE2B855D500020F72A /* EssensialFeedTests */ = {
			isa = PBXNativeTarget;
			buildConfigurationList = D1957AEC2B855D500020F72A /* Build configuration list for PBXNativeTarget "EssensialFeedTests" */;
			buildPhases = (
				D1957ADB2B855D500020F72A /* Sources */,
				D1957ADC2B855D500020F72A /* Frameworks */,
				D1957ADD2B855D500020F72A /* Resources */,
			);
			buildRules = (
			);
			dependencies = (
				D1957AE22B855D500020F72A /* PBXTargetDependency */,
			);
			name = EssensialFeedTests;
			productName = EssensialFeedTests;
			productReference = D1957ADF2B855D500020F72A /* EssensialFeedTests.xctest */;
			productType = "com.apple.product-type.bundle.unit-test";
		};
		D1957B0C2B87E8D40020F72A /* EssensialFeedAPIEndToEndTests */ = {
			isa = PBXNativeTarget;
			buildConfigurationList = D1957B142B87E8D40020F72A /* Build configuration list for PBXNativeTarget "EssensialFeedAPIEndToEndTests" */;
			buildPhases = (
				D1957B092B87E8D40020F72A /* Sources */,
				D1957B0A2B87E8D40020F72A /* Frameworks */,
				D1957B0B2B87E8D40020F72A /* Resources */,
			);
			buildRules = (
			);
			dependencies = (
				D1957B132B87E8D40020F72A /* PBXTargetDependency */,
			);
			name = EssensialFeedAPIEndToEndTests;
			productName = EssensialFeedAPIEndToEndTests;
			productReference = D1957B0D2B87E8D40020F72A /* EssensialFeedAPIEndToEndTests.xctest */;
			productType = "com.apple.product-type.bundle.unit-test";
		};
		D1EC5D9D2BD8481000ED8E1F /* EssensialFeediOS */ = {
			isa = PBXNativeTarget;
			buildConfigurationList = D1EC5DAD2BD8481000ED8E1F /* Build configuration list for PBXNativeTarget "EssensialFeediOS" */;
			buildPhases = (
				D1EC5D992BD8481000ED8E1F /* Headers */,
				D1EC5D9A2BD8481000ED8E1F /* Sources */,
				D1EC5D9B2BD8481000ED8E1F /* Frameworks */,
				D1EC5D9C2BD8481000ED8E1F /* Resources */,
				D15CFCDE2BD9ED6D00C2953B /* Embed Frameworks */,
			);
			buildRules = (
			);
			dependencies = (
				D15CFCDD2BD9ED6D00C2953B /* PBXTargetDependency */,
			);
			name = EssensialFeediOS;
			productName = EssensialFeediOS;
			productReference = D1EC5D9E2BD8481000ED8E1F /* EssensialFeediOS.framework */;
			productType = "com.apple.product-type.framework";
		};
		D1EC5DA42BD8481000ED8E1F /* EssensialFeediOSTests */ = {
			isa = PBXNativeTarget;
			buildConfigurationList = D1EC5DB02BD8481000ED8E1F /* Build configuration list for PBXNativeTarget "EssensialFeediOSTests" */;
			buildPhases = (
				D1EC5DA12BD8481000ED8E1F /* Sources */,
				D1EC5DA22BD8481000ED8E1F /* Frameworks */,
				D1EC5DA32BD8481000ED8E1F /* Resources */,
			);
			buildRules = (
			);
			dependencies = (
				D1EC5DA82BD8481000ED8E1F /* PBXTargetDependency */,
			);
			name = EssensialFeediOSTests;
			productName = EssensialFeediOSTests;
			productReference = D1EC5DA52BD8481000ED8E1F /* EssensialFeediOSTests.xctest */;
			productType = "com.apple.product-type.bundle.unit-test";
		};
/* End PBXNativeTarget section */

/* Begin PBXProject section */
		D1957ACE2B855D500020F72A /* Project object */ = {
			isa = PBXProject;
			attributes = {
				BuildIndependentTargetsInParallel = 1;
				LastSwiftUpdateCheck = 1530;
				LastUpgradeCheck = 1530;
				TargetAttributes = {
					D15923282BCA16E3004B164F = {
						CreatedOnToolsVersion = 15.2;
					};
					D1957AD62B855D500020F72A = {
						CreatedOnToolsVersion = 15.2;
						LastSwiftMigration = 1520;
					};
					D1957ADE2B855D500020F72A = {
						CreatedOnToolsVersion = 15.2;
					};
					D1957B0C2B87E8D40020F72A = {
						CreatedOnToolsVersion = 15.2;
					};
					D1EC5D9D2BD8481000ED8E1F = {
						CreatedOnToolsVersion = 15.3;
						LastSwiftMigration = 1530;
					};
					D1EC5DA42BD8481000ED8E1F = {
						CreatedOnToolsVersion = 15.3;
						LastSwiftMigration = 1530;
					};
				};
			};
			buildConfigurationList = D1957AD12B855D500020F72A /* Build configuration list for PBXProject "EssensialFeed" */;
			compatibilityVersion = "Xcode 14.0";
			developmentRegion = en;
			hasScannedForEncodings = 0;
			knownRegions = (
				en,
				Base,
				"pt-PT",
				ru,
				el,
			);
			mainGroup = D1957ACD2B855D500020F72A;
			productRefGroup = D1957AD82B855D500020F72A /* Products */;
			projectDirPath = "";
			projectRoot = "";
			targets = (
				D1957AD62B855D500020F72A /* EssensialFeed */,
				D1957ADE2B855D500020F72A /* EssensialFeedTests */,
				D1957B0C2B87E8D40020F72A /* EssensialFeedAPIEndToEndTests */,
				D15923282BCA16E3004B164F /* EssensialFeedCacheIntegrationTests */,
				D1EC5D9D2BD8481000ED8E1F /* EssensialFeediOS */,
				D1EC5DA42BD8481000ED8E1F /* EssensialFeediOSTests */,
			);
		};
/* End PBXProject section */

/* Begin PBXResourcesBuildPhase section */
		D15923272BCA16E3004B164F /* Resources */ = {
			isa = PBXResourcesBuildPhase;
			buildActionMask = 2147483647;
			files = (
			);
			runOnlyForDeploymentPostprocessing = 0;
		};
		D1957AD52B855D500020F72A /* Resources */ = {
			isa = PBXResourcesBuildPhase;
			buildActionMask = 2147483647;
			files = (
				D1D153432BF6BA4A00384E33 /* Feed.xcstrings in Resources */,
			);
			runOnlyForDeploymentPostprocessing = 0;
		};
		D1957ADD2B855D500020F72A /* Resources */ = {
			isa = PBXResourcesBuildPhase;
			buildActionMask = 2147483647;
			files = (
			);
			runOnlyForDeploymentPostprocessing = 0;
		};
		D1957B0B2B87E8D40020F72A /* Resources */ = {
			isa = PBXResourcesBuildPhase;
			buildActionMask = 2147483647;
			files = (
			);
			runOnlyForDeploymentPostprocessing = 0;
		};
		D1EC5D9C2BD8481000ED8E1F /* Resources */ = {
			isa = PBXResourcesBuildPhase;
			buildActionMask = 2147483647;
			files = (
				D1B4D2642BE977B80018F7DE /* Feed.xcstrings in Resources */,
				D1B4D25D2BE6EC440018F7DE /* Feed.storyboard in Resources */,
				D1B4D25E2BE6EC440018F7DE /* Feed.xcassets in Resources */,
			);
			runOnlyForDeploymentPostprocessing = 0;
		};
		D1EC5DA32BD8481000ED8E1F /* Resources */ = {
			isa = PBXResourcesBuildPhase;
			buildActionMask = 2147483647;
			files = (
			);
			runOnlyForDeploymentPostprocessing = 0;
		};
/* End PBXResourcesBuildPhase section */

/* Begin PBXSourcesBuildPhase section */
		D15923252BCA16E3004B164F /* Sources */ = {
			isa = PBXSourcesBuildPhase;
			buildActionMask = 2147483647;
			files = (
				D15923352BCF2082004B164F /* SharedTestHelpers.swift in Sources */,
				D15923342BCF1FED004B164F /* FeedCache+Helpers.swift in Sources */,
				D159232C2BCA16E3004B164F /* EssensialFeedCacheIntegrationTests.swift in Sources */,
				D15923332BCF1EA1004B164F /* XCTestCase+MemoryLeakTracking.swift in Sources */,
			);
			runOnlyForDeploymentPostprocessing = 0;
		};
		D1957AD32B855D500020F72A /* Sources */ = {
			isa = PBXSourcesBuildPhase;
			buildActionMask = 2147483647;
			files = (
				D1D153452BF6BA9400384E33 /* FeedViewModel.swift in Sources */,
				D1957AF22B855F570020F72A /* FeedLoader.swift in Sources */,
				D15923182BCA0FE4004B164F /* FeedStore.xcdatamodeld in Sources */,
				D1957AFC2B85BBCB0020F72A /* FeedItemMapper.swift in Sources */,
				D15923162BCA0FE4004B164F /* ManagedFeedImage.swift in Sources */,
				D1D153422BF6B97B00384E33 /* FeedPresenter.swift in Sources */,
				D1E595A32B8EE659008D9A7B /* RemoteFeedItem.swift in Sources */,
				D1D153472BF6BAA200384E33 /* FeedLoadingViewModel.swift in Sources */,
				D15923172BCA0FE4004B164F /* CoreDataHelpers.swift in Sources */,
				D15923192BCA0FE4004B164F /* CoreDataFeedStore.swift in Sources */,
				D1E595B42B903704008D9A7B /* FeedCachePolicy.swift in Sources */,
				D1957AF82B8596400020F72A /* RemoteFeedLoader.swift in Sources */,
				D1E595A52B8EE68D008D9A7B /* LocalFeedImage.swift in Sources */,
				D1E595A12B8D601E008D9A7B /* FeedStore.swift in Sources */,
				D1E5959F2B8D6002008D9A7B /* LocalFeedLoader.swift in Sources */,
				D11666A12BAE2BE5005A4DB2 /* CodableFeedStore.swift in Sources */,
				D1957AFA2B85BBB10020F72A /* HTTPClient.swift in Sources */,
				D159231A2BCA0FE4004B164F /* ManagedFeed.swift in Sources */,
				D1957AF02B855E840020F72A /* FeedImage.swift in Sources */,
				D1957AFF2B86A4C70020F72A /* URLSessionHTTPClient.swift in Sources */,
				D1D153492BF6BAAD00384E33 /* FeedErrorViewModel.swift in Sources */,
			);
			runOnlyForDeploymentPostprocessing = 0;
		};
		D1957ADB2B855D500020F72A /* Sources */ = {
			isa = PBXSourcesBuildPhase;
			buildActionMask = 2147483647;
			files = (
				D1E595B62B96C4AA008D9A7B /* CodableFeedStoreTests.swift in Sources */,
				D15923242BCA1032004B164F /* CoreDataFeedStoreTests.swift in Sources */,
				D1957AF52B8560780020F72A /* LoadFeedFromRemoteUseCaseTests.swift in Sources */,
				D1E595B22B902FF8008D9A7B /* FeedCache+Helpers.swift in Sources */,
				D15923202BCA100E004B164F /* NSManagedObjectContext+Stub.swift in Sources */,
				D1957B032B86FA190020F72A /* XCTestCase+MemoryLeakTracking.swift in Sources */,
				D1E595AA2B8EEB90008D9A7B /* FeedStoreSpy.swift in Sources */,
				D15923222BCA100E004B164F /* NSEntityDescription+Assertions.swift in Sources */,
				D13985742B8D4CD000B4691D /* CacheFeedUseCaseTests.swift in Sources */,
				D159230B2BCA0C7F004B164F /* XCTestCase+FailableDeleteFeedStoreSpecs.swift in Sources */,
				D1D1533D2BF6A8DF00384E33 /* FeedPresenterTests.swift in Sources */,
				D15923212BCA100E004B164F /* NSManagedObjectContext+Helpers.swift in Sources */,
				D1E595AE2B902BC0008D9A7B /* ValidateFeedCacheUseCase.swift in Sources */,
				D1E595A72B8EE999008D9A7B /* LoadFeedFromCacheUseCaseTests.swift in Sources */,
				D15923092BCA0BEF004B164F /* XCTestCase+FailableRetrieveFeedStoreSpecs.swift in Sources */,
				D1E595AC2B8EED76008D9A7B /* SharedTestHelpers.swift in Sources */,
				D15923052BCA0589004B164F /* FeedStoreSpecs.swift in Sources */,
				D1957B012B86A50F0020F72A /* URLSessionHTTPClientTests.swift in Sources */,
				D15923072BCA0616004B164F /* XCTestCase+FeedStoreSpecs.swift in Sources */,
				D159230D2BCA0C91004B164F /* XCTestCase+FailableInsertFeedStoreSpecs.swift in Sources */,
			);
			runOnlyForDeploymentPostprocessing = 0;
		};
		D1957B092B87E8D40020F72A /* Sources */ = {
			isa = PBXSourcesBuildPhase;
			buildActionMask = 2147483647;
			files = (
				D1957B102B87E8D40020F72A /* EssensialFeedAPIEndToEndTests.swift in Sources */,
				D1957B172B87EDD00020F72A /* XCTestCase+MemoryLeakTracking.swift in Sources */,
			);
			runOnlyForDeploymentPostprocessing = 0;
		};
		D1EC5D9A2BD8481000ED8E1F /* Sources */ = {
			isa = PBXSourcesBuildPhase;
			buildActionMask = 2147483647;
			files = (
				D1D153362BEED29F00384E33 /* FeedViewAdapter.swift in Sources */,
				D1B4D2412BE17FE40018F7DE /* FeedImageDataLoader.swift in Sources */,
				D1B4D2502BE5963F0018F7DE /* FeedPresentation.swift in Sources */,
				D1B4D2392BE074A90018F7DE /* UIView+Shimmering.swift in Sources */,
				D1B4D2602BE973540018F7DE /* UITableView+Dequeueing.swift in Sources */,
				D1B4D2542BE5A1D10018F7DE /* FeedImageViewModel.swift in Sources */,
				D1D1533A2BEED2E200384E33 /* FeedImageDataLoaderPresentationAdapter.swift in Sources */,
				D1D153382BEED2C400384E33 /* FeedLoaderPresentationAdapter.swift in Sources */,
				D1B4D2622BE974500018F7DE /* UIImageView+Animated.swift in Sources */,
				D1B4D2562BE5A1ED0018F7DE /* FeedViewModel.swift in Sources */,
				D1D153342BEED26700384E33 /* WeakRefVirtualProxy.swift in Sources */,
				D1B4D2582BE5A20A0018F7DE /* FeedLoadingViewModel.swift in Sources */,
				D1D153322BEED1FA00384E33 /* MainQueueDispatchDecorator.swift in Sources */,
				D15CFCE62BD9F9B700C2953B /* FeedViewController.swift in Sources */,
				D1B4D2352BDCB49A0018F7DE /* FeedImageCell.swift in Sources */,
				D1B4D2452BE189010018F7DE /* FeedImageCellController.swift in Sources */,
				D1B4D25A2BE5A2A80018F7DE /* FeedImagePresenter.swift in Sources */,
				D1B4D2482BE18C300018F7DE /* FeedUIComposer.swift in Sources */,
			);
			runOnlyForDeploymentPostprocessing = 0;
		};
		D1EC5DA12BD8481000ED8E1F /* Sources */ = {
			isa = PBXSourcesBuildPhase;
			buildActionMask = 2147483647;
			files = (
				D15CFCD82BD9EACD00C2953B /* FeedUIIntegrationTests.swift in Sources */,
				D1B4D2372BDCB51B0018F7DE /* FeedImageCell+TestHelpers.swift in Sources */,
				D1B4D26A2BE97CBE0018F7DE /* FeedLocalizationTests.swift in Sources */,
				D15CFCE42BD9F3C100C2953B /* UIRefreshControl+TestHelpers.swift in Sources */,
				D1B4D2332BDCB3160018F7DE /* SharedTestHelpers.swift in Sources */,
				D1B4D23B2BE17ACD0018F7DE /* UIButton+TestHelpers.swift in Sources */,
				D15CFCE22BD9F37000C2953B /* FeedViewController+TestHelpers.swift in Sources */,
				D15CFCDF2BD9EE0E00C2953B /* XCTestCase+MemoryLeakTracking.swift in Sources */,
				D1B4D2662BE979930018F7DE /* FeedUIIntegrationTests+Localization.swift in Sources */,
			);
			runOnlyForDeploymentPostprocessing = 0;
		};
/* End PBXSourcesBuildPhase section */

/* Begin PBXTargetDependency section */
		D159232F2BCA16E3004B164F /* PBXTargetDependency */ = {
			isa = PBXTargetDependency;
			target = D1957AD62B855D500020F72A /* EssensialFeed */;
			targetProxy = D159232E2BCA16E3004B164F /* PBXContainerItemProxy */;
		};
		D15CFCDD2BD9ED6D00C2953B /* PBXTargetDependency */ = {
			isa = PBXTargetDependency;
			target = D1957AD62B855D500020F72A /* EssensialFeed */;
			targetProxy = D15CFCDC2BD9ED6D00C2953B /* PBXContainerItemProxy */;
		};
		D1957AE22B855D500020F72A /* PBXTargetDependency */ = {
			isa = PBXTargetDependency;
			target = D1957AD62B855D500020F72A /* EssensialFeed */;
			targetProxy = D1957AE12B855D500020F72A /* PBXContainerItemProxy */;
		};
		D1957B132B87E8D40020F72A /* PBXTargetDependency */ = {
			isa = PBXTargetDependency;
			target = D1957AD62B855D500020F72A /* EssensialFeed */;
			targetProxy = D1957B122B87E8D40020F72A /* PBXContainerItemProxy */;
		};
		D1EC5DA82BD8481000ED8E1F /* PBXTargetDependency */ = {
			isa = PBXTargetDependency;
			target = D1EC5D9D2BD8481000ED8E1F /* EssensialFeediOS */;
			targetProxy = D1EC5DA72BD8481000ED8E1F /* PBXContainerItemProxy */;
		};
/* End PBXTargetDependency section */

/* Begin XCBuildConfiguration section */
		D15923312BCA16E3004B164F /* Debug */ = {
			isa = XCBuildConfiguration;
			buildSettings = {
				CODE_SIGN_STYLE = Automatic;
				CURRENT_PROJECT_VERSION = 1;
				DEAD_CODE_STRIPPING = YES;
				DEVELOPMENT_TEAM = 97NYB99W6U;
				GENERATE_INFOPLIST_FILE = YES;
				MACOSX_DEPLOYMENT_TARGET = 14.2;
				MARKETING_VERSION = 1.0;
				PRODUCT_BUNDLE_IDENTIFIER = me.seed4.EssensialFeedCacheIntegrationTests;
				PRODUCT_NAME = "$(TARGET_NAME)";
				SUPPORTED_PLATFORMS = "iphoneos iphonesimulator macosx";
				SUPPORTS_MACCATALYST = NO;
				SWIFT_EMIT_LOC_STRINGS = NO;
				SWIFT_VERSION = 5.0;
				TARGETED_DEVICE_FAMILY = 1;
			};
			name = Debug;
		};
		D15923322BCA16E3004B164F /* Release */ = {
			isa = XCBuildConfiguration;
			buildSettings = {
				CODE_SIGN_STYLE = Automatic;
				CURRENT_PROJECT_VERSION = 1;
				DEAD_CODE_STRIPPING = YES;
				DEVELOPMENT_TEAM = 97NYB99W6U;
				GENERATE_INFOPLIST_FILE = YES;
				MACOSX_DEPLOYMENT_TARGET = 14.2;
				MARKETING_VERSION = 1.0;
				PRODUCT_BUNDLE_IDENTIFIER = me.seed4.EssensialFeedCacheIntegrationTests;
				PRODUCT_NAME = "$(TARGET_NAME)";
				SUPPORTED_PLATFORMS = "iphoneos iphonesimulator macosx";
				SUPPORTS_MACCATALYST = NO;
				SWIFT_EMIT_LOC_STRINGS = NO;
				SWIFT_VERSION = 5.0;
				TARGETED_DEVICE_FAMILY = 1;
			};
			name = Release;
		};
		D1957AE72B855D500020F72A /* Debug */ = {
			isa = XCBuildConfiguration;
			buildSettings = {
				ALWAYS_SEARCH_USER_PATHS = NO;
				ASSETCATALOG_COMPILER_GENERATE_SWIFT_ASSET_SYMBOL_EXTENSIONS = YES;
				CLANG_ANALYZER_NONNULL = YES;
				CLANG_ANALYZER_NUMBER_OBJECT_CONVERSION = YES_AGGRESSIVE;
				CLANG_CXX_LANGUAGE_STANDARD = "gnu++20";
				CLANG_ENABLE_MODULES = YES;
				CLANG_ENABLE_OBJC_ARC = YES;
				CLANG_ENABLE_OBJC_WEAK = YES;
				CLANG_WARN_BLOCK_CAPTURE_AUTORELEASING = YES;
				CLANG_WARN_BOOL_CONVERSION = YES;
				CLANG_WARN_COMMA = YES;
				CLANG_WARN_CONSTANT_CONVERSION = YES;
				CLANG_WARN_DEPRECATED_OBJC_IMPLEMENTATIONS = YES;
				CLANG_WARN_DIRECT_OBJC_ISA_USAGE = YES_ERROR;
				CLANG_WARN_DOCUMENTATION_COMMENTS = YES;
				CLANG_WARN_EMPTY_BODY = YES;
				CLANG_WARN_ENUM_CONVERSION = YES;
				CLANG_WARN_INFINITE_RECURSION = YES;
				CLANG_WARN_INT_CONVERSION = YES;
				CLANG_WARN_NON_LITERAL_NULL_CONVERSION = YES;
				CLANG_WARN_OBJC_IMPLICIT_RETAIN_SELF = YES;
				CLANG_WARN_OBJC_LITERAL_CONVERSION = YES;
				CLANG_WARN_OBJC_ROOT_CLASS = YES_ERROR;
				CLANG_WARN_QUOTED_INCLUDE_IN_FRAMEWORK_HEADER = YES;
				CLANG_WARN_RANGE_LOOP_ANALYSIS = YES;
				CLANG_WARN_STRICT_PROTOTYPES = YES;
				CLANG_WARN_SUSPICIOUS_MOVE = YES;
				CLANG_WARN_UNGUARDED_AVAILABILITY = YES_AGGRESSIVE;
				CLANG_WARN_UNREACHABLE_CODE = YES;
				CLANG_WARN__DUPLICATE_METHOD_MATCH = YES;
				COPY_PHASE_STRIP = NO;
				CURRENT_PROJECT_VERSION = 1;
				DEAD_CODE_STRIPPING = YES;
				DEBUG_INFORMATION_FORMAT = dwarf;
				ENABLE_STRICT_OBJC_MSGSEND = YES;
				ENABLE_TESTABILITY = YES;
				ENABLE_USER_SCRIPT_SANDBOXING = YES;
				GCC_C_LANGUAGE_STANDARD = gnu17;
				GCC_DYNAMIC_NO_PIC = NO;
				GCC_NO_COMMON_BLOCKS = YES;
				GCC_OPTIMIZATION_LEVEL = 0;
				GCC_PREPROCESSOR_DEFINITIONS = (
					"DEBUG=1",
					"$(inherited)",
				);
				GCC_WARN_64_TO_32_BIT_CONVERSION = YES;
				GCC_WARN_ABOUT_RETURN_TYPE = YES_ERROR;
				GCC_WARN_UNDECLARED_SELECTOR = YES;
				GCC_WARN_UNINITIALIZED_AUTOS = YES_AGGRESSIVE;
				GCC_WARN_UNUSED_FUNCTION = YES;
				GCC_WARN_UNUSED_VARIABLE = YES;
				LOCALIZATION_PREFERS_STRING_CATALOGS = YES;
				MACOSX_DEPLOYMENT_TARGET = 14.0;
				MTL_ENABLE_DEBUG_INFO = INCLUDE_SOURCE;
				MTL_FAST_MATH = YES;
				ONLY_ACTIVE_ARCH = YES;
				SDKROOT = macosx;
				SWIFT_ACTIVE_COMPILATION_CONDITIONS = "DEBUG $(inherited)";
				SWIFT_OPTIMIZATION_LEVEL = "-Onone";
				VERSIONING_SYSTEM = "apple-generic";
				VERSION_INFO_PREFIX = "";
			};
			name = Debug;
		};
		D1957AE82B855D500020F72A /* Release */ = {
			isa = XCBuildConfiguration;
			buildSettings = {
				ALWAYS_SEARCH_USER_PATHS = NO;
				ASSETCATALOG_COMPILER_GENERATE_SWIFT_ASSET_SYMBOL_EXTENSIONS = YES;
				CLANG_ANALYZER_NONNULL = YES;
				CLANG_ANALYZER_NUMBER_OBJECT_CONVERSION = YES_AGGRESSIVE;
				CLANG_CXX_LANGUAGE_STANDARD = "gnu++20";
				CLANG_ENABLE_MODULES = YES;
				CLANG_ENABLE_OBJC_ARC = YES;
				CLANG_ENABLE_OBJC_WEAK = YES;
				CLANG_WARN_BLOCK_CAPTURE_AUTORELEASING = YES;
				CLANG_WARN_BOOL_CONVERSION = YES;
				CLANG_WARN_COMMA = YES;
				CLANG_WARN_CONSTANT_CONVERSION = YES;
				CLANG_WARN_DEPRECATED_OBJC_IMPLEMENTATIONS = YES;
				CLANG_WARN_DIRECT_OBJC_ISA_USAGE = YES_ERROR;
				CLANG_WARN_DOCUMENTATION_COMMENTS = YES;
				CLANG_WARN_EMPTY_BODY = YES;
				CLANG_WARN_ENUM_CONVERSION = YES;
				CLANG_WARN_INFINITE_RECURSION = YES;
				CLANG_WARN_INT_CONVERSION = YES;
				CLANG_WARN_NON_LITERAL_NULL_CONVERSION = YES;
				CLANG_WARN_OBJC_IMPLICIT_RETAIN_SELF = YES;
				CLANG_WARN_OBJC_LITERAL_CONVERSION = YES;
				CLANG_WARN_OBJC_ROOT_CLASS = YES_ERROR;
				CLANG_WARN_QUOTED_INCLUDE_IN_FRAMEWORK_HEADER = YES;
				CLANG_WARN_RANGE_LOOP_ANALYSIS = YES;
				CLANG_WARN_STRICT_PROTOTYPES = YES;
				CLANG_WARN_SUSPICIOUS_MOVE = YES;
				CLANG_WARN_UNGUARDED_AVAILABILITY = YES_AGGRESSIVE;
				CLANG_WARN_UNREACHABLE_CODE = YES;
				CLANG_WARN__DUPLICATE_METHOD_MATCH = YES;
				COPY_PHASE_STRIP = NO;
				CURRENT_PROJECT_VERSION = 1;
				DEAD_CODE_STRIPPING = YES;
				DEBUG_INFORMATION_FORMAT = "dwarf-with-dsym";
				ENABLE_NS_ASSERTIONS = NO;
				ENABLE_STRICT_OBJC_MSGSEND = YES;
				ENABLE_USER_SCRIPT_SANDBOXING = YES;
				GCC_C_LANGUAGE_STANDARD = gnu17;
				GCC_NO_COMMON_BLOCKS = YES;
				GCC_WARN_64_TO_32_BIT_CONVERSION = YES;
				GCC_WARN_ABOUT_RETURN_TYPE = YES_ERROR;
				GCC_WARN_UNDECLARED_SELECTOR = YES;
				GCC_WARN_UNINITIALIZED_AUTOS = YES_AGGRESSIVE;
				GCC_WARN_UNUSED_FUNCTION = YES;
				GCC_WARN_UNUSED_VARIABLE = YES;
				LOCALIZATION_PREFERS_STRING_CATALOGS = YES;
				MACOSX_DEPLOYMENT_TARGET = 14.0;
				MTL_ENABLE_DEBUG_INFO = NO;
				MTL_FAST_MATH = YES;
				SDKROOT = macosx;
				SWIFT_COMPILATION_MODE = wholemodule;
				VERSIONING_SYSTEM = "apple-generic";
				VERSION_INFO_PREFIX = "";
			};
			name = Release;
		};
		D1957AEA2B855D500020F72A /* Debug */ = {
			isa = XCBuildConfiguration;
			buildSettings = {
				BUILD_LIBRARY_FOR_DISTRIBUTION = NO;
				CLANG_ENABLE_MODULES = YES;
				CODE_SIGN_IDENTITY = "";
				CODE_SIGN_STYLE = Automatic;
				COMBINE_HIDPI_IMAGES = YES;
				CURRENT_PROJECT_VERSION = 1;
				DEAD_CODE_STRIPPING = YES;
				DEFINES_MODULE = YES;
				DEVELOPMENT_TEAM = BZVEX6AF53;
				DYLIB_COMPATIBILITY_VERSION = 1;
				DYLIB_CURRENT_VERSION = 1;
				DYLIB_INSTALL_NAME_BASE = "@rpath";
				ENABLE_MODULE_VERIFIER = YES;
				GENERATE_INFOPLIST_FILE = YES;
				INFOPLIST_KEY_NSHumanReadableCopyright = "";
				INSTALL_PATH = "$(LOCAL_LIBRARY_DIR)/Frameworks";
				IPHONEOS_DEPLOYMENT_TARGET = 17.0;
				LD_RUNPATH_SEARCH_PATHS = (
					"$(inherited)",
					"@executable_path/../Frameworks",
					"@loader_path/Frameworks",
				);
				MARKETING_VERSION = 1.0;
				MODULE_VERIFIER_SUPPORTED_LANGUAGES = "objective-c objective-c++";
				MODULE_VERIFIER_SUPPORTED_LANGUAGE_STANDARDS = "gnu17 gnu++20";
				PRODUCT_BUNDLE_IDENTIFIER = katez.EssensialFeed;
				PRODUCT_NAME = "$(TARGET_NAME:c99extidentifier)";
				SKIP_INSTALL = YES;
				SUPPORTED_PLATFORMS = "iphoneos iphonesimulator macosx";
				SUPPORTS_MACCATALYST = NO;
				SWIFT_EMIT_LOC_STRINGS = YES;
				SWIFT_OPTIMIZATION_LEVEL = "-Onone";
				SWIFT_VERSION = 5.0;
				TARGETED_DEVICE_FAMILY = 1;
			};
			name = Debug;
		};
		D1957AEB2B855D500020F72A /* Release */ = {
			isa = XCBuildConfiguration;
			buildSettings = {
				BUILD_LIBRARY_FOR_DISTRIBUTION = NO;
				CLANG_ENABLE_MODULES = YES;
				CODE_SIGN_IDENTITY = "";
				CODE_SIGN_STYLE = Automatic;
				COMBINE_HIDPI_IMAGES = YES;
				CURRENT_PROJECT_VERSION = 1;
				DEAD_CODE_STRIPPING = YES;
				DEFINES_MODULE = YES;
				DEVELOPMENT_TEAM = BZVEX6AF53;
				DYLIB_COMPATIBILITY_VERSION = 1;
				DYLIB_CURRENT_VERSION = 1;
				DYLIB_INSTALL_NAME_BASE = "@rpath";
				ENABLE_MODULE_VERIFIER = YES;
				GENERATE_INFOPLIST_FILE = YES;
				INFOPLIST_KEY_NSHumanReadableCopyright = "";
				INSTALL_PATH = "$(LOCAL_LIBRARY_DIR)/Frameworks";
				IPHONEOS_DEPLOYMENT_TARGET = 17.0;
				LD_RUNPATH_SEARCH_PATHS = (
					"$(inherited)",
					"@executable_path/../Frameworks",
					"@loader_path/Frameworks",
				);
				MARKETING_VERSION = 1.0;
				MODULE_VERIFIER_SUPPORTED_LANGUAGES = "objective-c objective-c++";
				MODULE_VERIFIER_SUPPORTED_LANGUAGE_STANDARDS = "gnu17 gnu++20";
				PRODUCT_BUNDLE_IDENTIFIER = katez.EssensialFeed;
				PRODUCT_NAME = "$(TARGET_NAME:c99extidentifier)";
				SKIP_INSTALL = YES;
				SUPPORTED_PLATFORMS = "iphoneos iphonesimulator macosx";
				SUPPORTS_MACCATALYST = NO;
				SWIFT_EMIT_LOC_STRINGS = YES;
				SWIFT_VERSION = 5.0;
				TARGETED_DEVICE_FAMILY = 1;
			};
			name = Release;
		};
		D1957AED2B855D500020F72A /* Debug */ = {
			isa = XCBuildConfiguration;
			buildSettings = {
				ALWAYS_EMBED_SWIFT_STANDARD_LIBRARIES = YES;
				CODE_SIGN_STYLE = Automatic;
				CURRENT_PROJECT_VERSION = 1;
				DEAD_CODE_STRIPPING = YES;
				DEVELOPMENT_TEAM = BZVEX6AF53;
				GENERATE_INFOPLIST_FILE = YES;
				MARKETING_VERSION = 1.0;
				PRODUCT_BUNDLE_IDENTIFIER = katez.EssensialFeedTests;
				PRODUCT_NAME = "$(TARGET_NAME)";
				SUPPORTED_PLATFORMS = "iphoneos iphonesimulator macosx";
				SUPPORTS_MACCATALYST = NO;
				SWIFT_EMIT_LOC_STRINGS = NO;
				SWIFT_VERSION = 5.0;
				TARGETED_DEVICE_FAMILY = 1;
			};
			name = Debug;
		};
		D1957AEE2B855D500020F72A /* Release */ = {
			isa = XCBuildConfiguration;
			buildSettings = {
				ALWAYS_EMBED_SWIFT_STANDARD_LIBRARIES = YES;
				CODE_SIGN_STYLE = Automatic;
				CURRENT_PROJECT_VERSION = 1;
				DEAD_CODE_STRIPPING = YES;
				DEVELOPMENT_TEAM = BZVEX6AF53;
				GENERATE_INFOPLIST_FILE = YES;
				MARKETING_VERSION = 1.0;
				PRODUCT_BUNDLE_IDENTIFIER = katez.EssensialFeedTests;
				PRODUCT_NAME = "$(TARGET_NAME)";
				SUPPORTED_PLATFORMS = "iphoneos iphonesimulator macosx";
				SUPPORTS_MACCATALYST = NO;
				SWIFT_EMIT_LOC_STRINGS = NO;
				SWIFT_VERSION = 5.0;
				TARGETED_DEVICE_FAMILY = 1;
			};
			name = Release;
		};
		D1957B152B87E8D40020F72A /* Debug */ = {
			isa = XCBuildConfiguration;
			buildSettings = {
				CODE_SIGN_STYLE = Automatic;
				CURRENT_PROJECT_VERSION = 1;
				DEAD_CODE_STRIPPING = YES;
				DEVELOPMENT_TEAM = BZVEX6AF53;
				GENERATE_INFOPLIST_FILE = YES;
				MARKETING_VERSION = 1.0;
				PRODUCT_BUNDLE_IDENTIFIER = katez.EssensialFeedAPIEndToEndTests;
				PRODUCT_NAME = "$(TARGET_NAME)";
				SUPPORTED_PLATFORMS = "iphoneos iphonesimulator macosx";
				SUPPORTS_MACCATALYST = NO;
				SWIFT_EMIT_LOC_STRINGS = NO;
				SWIFT_VERSION = 5.0;
				TARGETED_DEVICE_FAMILY = 1;
			};
			name = Debug;
		};
		D1957B162B87E8D40020F72A /* Release */ = {
			isa = XCBuildConfiguration;
			buildSettings = {
				CODE_SIGN_STYLE = Automatic;
				CURRENT_PROJECT_VERSION = 1;
				DEAD_CODE_STRIPPING = YES;
				DEVELOPMENT_TEAM = BZVEX6AF53;
				GENERATE_INFOPLIST_FILE = YES;
				MARKETING_VERSION = 1.0;
				PRODUCT_BUNDLE_IDENTIFIER = katez.EssensialFeedAPIEndToEndTests;
				PRODUCT_NAME = "$(TARGET_NAME)";
				SUPPORTED_PLATFORMS = "iphoneos iphonesimulator macosx";
				SUPPORTS_MACCATALYST = NO;
				SWIFT_EMIT_LOC_STRINGS = NO;
				SWIFT_VERSION = 5.0;
				TARGETED_DEVICE_FAMILY = 1;
			};
			name = Release;
		};
		D1EC5DAE2BD8481000ED8E1F /* Debug */ = {
			isa = XCBuildConfiguration;
			buildSettings = {
				BUILD_LIBRARY_FOR_DISTRIBUTION = NO;
				CLANG_ENABLE_MODULES = YES;
				CODE_SIGN_STYLE = Automatic;
				CURRENT_PROJECT_VERSION = 1;
				DEFINES_MODULE = YES;
				DEVELOPMENT_TEAM = BZVEX6AF53;
				DYLIB_COMPATIBILITY_VERSION = 1;
				DYLIB_CURRENT_VERSION = 1;
				DYLIB_INSTALL_NAME_BASE = "@rpath";
				ENABLE_MODULE_VERIFIER = YES;
				GENERATE_INFOPLIST_FILE = YES;
				INFOPLIST_KEY_NSHumanReadableCopyright = "";
				INSTALL_PATH = "$(LOCAL_LIBRARY_DIR)/Frameworks";
				IPHONEOS_DEPLOYMENT_TARGET = 17.0;
				LD_RUNPATH_SEARCH_PATHS = (
					"$(inherited)",
					"@executable_path/Frameworks",
					"@loader_path/Frameworks",
				);
				MARKETING_VERSION = 1.0;
				MODULE_VERIFIER_SUPPORTED_LANGUAGES = "objective-c objective-c++";
				MODULE_VERIFIER_SUPPORTED_LANGUAGE_STANDARDS = "gnu17 gnu++20";
				PRODUCT_BUNDLE_IDENTIFIER = katez.EssensialFeediOS;
				PRODUCT_NAME = "$(TARGET_NAME:c99extidentifier)";
				SDKROOT = iphoneos;
				SKIP_INSTALL = YES;
				SUPPORTED_PLATFORMS = "iphoneos iphonesimulator";
				SUPPORTS_MACCATALYST = NO;
				SUPPORTS_MAC_DESIGNED_FOR_IPHONE_IPAD = NO;
				SUPPORTS_XR_DESIGNED_FOR_IPHONE_IPAD = NO;
				SWIFT_EMIT_LOC_STRINGS = YES;
				SWIFT_INSTALL_OBJC_HEADER = NO;
				SWIFT_OPTIMIZATION_LEVEL = "-Onone";
				SWIFT_VERSION = 5.0;
				TARGETED_DEVICE_FAMILY = 1;
			};
			name = Debug;
		};
		D1EC5DAF2BD8481000ED8E1F /* Release */ = {
			isa = XCBuildConfiguration;
			buildSettings = {
				BUILD_LIBRARY_FOR_DISTRIBUTION = NO;
				CLANG_ENABLE_MODULES = YES;
				CODE_SIGN_STYLE = Automatic;
				CURRENT_PROJECT_VERSION = 1;
				DEFINES_MODULE = YES;
				DEVELOPMENT_TEAM = BZVEX6AF53;
				DYLIB_COMPATIBILITY_VERSION = 1;
				DYLIB_CURRENT_VERSION = 1;
				DYLIB_INSTALL_NAME_BASE = "@rpath";
				ENABLE_MODULE_VERIFIER = YES;
				GENERATE_INFOPLIST_FILE = YES;
				INFOPLIST_KEY_NSHumanReadableCopyright = "";
				INSTALL_PATH = "$(LOCAL_LIBRARY_DIR)/Frameworks";
				IPHONEOS_DEPLOYMENT_TARGET = 17.0;
				LD_RUNPATH_SEARCH_PATHS = (
					"$(inherited)",
					"@executable_path/Frameworks",
					"@loader_path/Frameworks",
				);
				MARKETING_VERSION = 1.0;
				MODULE_VERIFIER_SUPPORTED_LANGUAGES = "objective-c objective-c++";
				MODULE_VERIFIER_SUPPORTED_LANGUAGE_STANDARDS = "gnu17 gnu++20";
				PRODUCT_BUNDLE_IDENTIFIER = katez.EssensialFeediOS;
				PRODUCT_NAME = "$(TARGET_NAME:c99extidentifier)";
				SDKROOT = iphoneos;
				SKIP_INSTALL = YES;
				SUPPORTED_PLATFORMS = "iphoneos iphonesimulator";
				SUPPORTS_MACCATALYST = NO;
				SUPPORTS_MAC_DESIGNED_FOR_IPHONE_IPAD = NO;
				SUPPORTS_XR_DESIGNED_FOR_IPHONE_IPAD = NO;
				SWIFT_EMIT_LOC_STRINGS = YES;
				SWIFT_INSTALL_OBJC_HEADER = NO;
				SWIFT_VERSION = 5.0;
				TARGETED_DEVICE_FAMILY = 1;
				VALIDATE_PRODUCT = YES;
			};
			name = Release;
		};
		D1EC5DB12BD8481000ED8E1F /* Debug */ = {
			isa = XCBuildConfiguration;
			buildSettings = {
				ALWAYS_EMBED_SWIFT_STANDARD_LIBRARIES = YES;
				CLANG_ENABLE_MODULES = YES;
				CODE_SIGN_STYLE = Automatic;
				CURRENT_PROJECT_VERSION = 1;
				DEVELOPMENT_TEAM = BZVEX6AF53;
				GENERATE_INFOPLIST_FILE = YES;
				IPHONEOS_DEPLOYMENT_TARGET = 17.4;
				MARKETING_VERSION = 1.0;
				PRODUCT_BUNDLE_IDENTIFIER = katez.EssensialFeediOSTests;
				PRODUCT_NAME = "$(TARGET_NAME)";
				SDKROOT = iphoneos;
				SUPPORTED_PLATFORMS = "iphoneos iphonesimulator";
				SUPPORTS_MACCATALYST = NO;
				SUPPORTS_MAC_DESIGNED_FOR_IPHONE_IPAD = NO;
				SUPPORTS_XR_DESIGNED_FOR_IPHONE_IPAD = NO;
				SWIFT_EMIT_LOC_STRINGS = NO;
				SWIFT_OPTIMIZATION_LEVEL = "-Onone";
				SWIFT_VERSION = 5.0;
				TARGETED_DEVICE_FAMILY = 1;
			};
			name = Debug;
		};
		D1EC5DB22BD8481000ED8E1F /* Release */ = {
			isa = XCBuildConfiguration;
			buildSettings = {
				ALWAYS_EMBED_SWIFT_STANDARD_LIBRARIES = YES;
				CLANG_ENABLE_MODULES = YES;
				CODE_SIGN_STYLE = Automatic;
				CURRENT_PROJECT_VERSION = 1;
				DEVELOPMENT_TEAM = BZVEX6AF53;
				GENERATE_INFOPLIST_FILE = YES;
				IPHONEOS_DEPLOYMENT_TARGET = 17.4;
				MARKETING_VERSION = 1.0;
				PRODUCT_BUNDLE_IDENTIFIER = katez.EssensialFeediOSTests;
				PRODUCT_NAME = "$(TARGET_NAME)";
				SDKROOT = iphoneos;
				SUPPORTED_PLATFORMS = "iphoneos iphonesimulator";
				SUPPORTS_MACCATALYST = NO;
				SUPPORTS_MAC_DESIGNED_FOR_IPHONE_IPAD = NO;
				SUPPORTS_XR_DESIGNED_FOR_IPHONE_IPAD = NO;
				SWIFT_EMIT_LOC_STRINGS = NO;
				SWIFT_VERSION = 5.0;
				TARGETED_DEVICE_FAMILY = 1;
				VALIDATE_PRODUCT = YES;
			};
			name = Release;
		};
/* End XCBuildConfiguration section */

/* Begin XCConfigurationList section */
		D15923302BCA16E3004B164F /* Build configuration list for PBXNativeTarget "EssensialFeedCacheIntegrationTests" */ = {
			isa = XCConfigurationList;
			buildConfigurations = (
				D15923312BCA16E3004B164F /* Debug */,
				D15923322BCA16E3004B164F /* Release */,
			);
			defaultConfigurationIsVisible = 0;
			defaultConfigurationName = Release;
		};
		D1957AD12B855D500020F72A /* Build configuration list for PBXProject "EssensialFeed" */ = {
			isa = XCConfigurationList;
			buildConfigurations = (
				D1957AE72B855D500020F72A /* Debug */,
				D1957AE82B855D500020F72A /* Release */,
			);
			defaultConfigurationIsVisible = 0;
			defaultConfigurationName = Release;
		};
		D1957AE92B855D500020F72A /* Build configuration list for PBXNativeTarget "EssensialFeed" */ = {
			isa = XCConfigurationList;
			buildConfigurations = (
				D1957AEA2B855D500020F72A /* Debug */,
				D1957AEB2B855D500020F72A /* Release */,
			);
			defaultConfigurationIsVisible = 0;
			defaultConfigurationName = Release;
		};
		D1957AEC2B855D500020F72A /* Build configuration list for PBXNativeTarget "EssensialFeedTests" */ = {
			isa = XCConfigurationList;
			buildConfigurations = (
				D1957AED2B855D500020F72A /* Debug */,
				D1957AEE2B855D500020F72A /* Release */,
			);
			defaultConfigurationIsVisible = 0;
			defaultConfigurationName = Release;
		};
		D1957B142B87E8D40020F72A /* Build configuration list for PBXNativeTarget "EssensialFeedAPIEndToEndTests" */ = {
			isa = XCConfigurationList;
			buildConfigurations = (
				D1957B152B87E8D40020F72A /* Debug */,
				D1957B162B87E8D40020F72A /* Release */,
			);
			defaultConfigurationIsVisible = 0;
			defaultConfigurationName = Release;
		};
		D1EC5DAD2BD8481000ED8E1F /* Build configuration list for PBXNativeTarget "EssensialFeediOS" */ = {
			isa = XCConfigurationList;
			buildConfigurations = (
				D1EC5DAE2BD8481000ED8E1F /* Debug */,
				D1EC5DAF2BD8481000ED8E1F /* Release */,
			);
			defaultConfigurationIsVisible = 0;
			defaultConfigurationName = Release;
		};
		D1EC5DB02BD8481000ED8E1F /* Build configuration list for PBXNativeTarget "EssensialFeediOSTests" */ = {
			isa = XCConfigurationList;
			buildConfigurations = (
				D1EC5DB12BD8481000ED8E1F /* Debug */,
				D1EC5DB22BD8481000ED8E1F /* Release */,
			);
			defaultConfigurationIsVisible = 0;
			defaultConfigurationName = Release;
		};
/* End XCConfigurationList section */

/* Begin XCVersionGroup section */
		D15923122BCA0FE4004B164F /* FeedStore.xcdatamodeld */ = {
			isa = XCVersionGroup;
			children = (
				D15923132BCA0FE4004B164F /* FeedStore.xcdatamodel */,
			);
			currentVersion = D15923132BCA0FE4004B164F /* FeedStore.xcdatamodel */;
			path = FeedStore.xcdatamodeld;
			sourceTree = "<group>";
			versionGroupType = wrapper.xcdatamodel;
		};
/* End XCVersionGroup section */
	};
	rootObject = D1957ACE2B855D500020F72A /* Project object */;
}
